
Microsoft Visual Studio Solution File, Format Version 12.00
# Visual Studio Version 17
VisualStudioVersion = 17.2.32630.192
MinimumVisualStudioVersion = 10.0.40219.1
Project("{9A19103F-16F7-4668-BE54-9A1E7A4F7556}") = "R5T.O0015.Construction", "R5T.O0015.Construction\R5T.O0015.Construction.csproj", "{7422E24A-E563-4114-B02C-AC887B3F7F3B}"
EndProject
Project("{9A19103F-16F7-4668-BE54-9A1E7A4F7556}") = "R5T.O0015", "R5T.O0015\R5T.O0015.csproj", "{B60C4BCA-3B37-4D1E-85ED-F46FE1A4F662}"
EndProject
Project("{2150E333-8FDC-42A3-9474-1A3956D46DE8}") = "_Dependencies", "_Dependencies", "{9CDD1FE6-F1DD-49F8-B130-7A08CB3F6D5F}"
EndProject
Project("{9A19103F-16F7-4668-BE54-9A1E7A4F7556}") = "R5T.F0000", "..\..\R5T.F0000\source\R5T.F0000\R5T.F0000.csproj", "{1F9310AF-6895-4DCE-807D-E13B64A17665}"
EndProject
Project("{9A19103F-16F7-4668-BE54-9A1E7A4F7556}") = "R5T.F0002", "..\..\R5T.F0002\source\R5T.F0002\R5T.F0002.csproj", "{F9C1AB9E-EE0E-4220-B446-0E3E7A3D4A26}"
EndProject
Project("{9A19103F-16F7-4668-BE54-9A1E7A4F7556}") = "R5T.F0120", "..\..\R5T.F0120\source\R5T.F0120\R5T.F0120.csproj", "{70A365C4-620C-42B3-8C47-AEC9AB36F86C}"
EndProject
Project("{9A19103F-16F7-4668-BE54-9A1E7A4F7556}") = "R5T.F0124", "..\..\R5T.F0124\source\R5T.F0124\R5T.F0124.csproj", "{85BE91D5-E8FC-4322-9BF3-6E028002A760}"
EndProject
Project("{9A19103F-16F7-4668-BE54-9A1E7A4F7556}") = "R5T.F0125", "..\..\R5T.F0125\source\R5T.F0125\R5T.F0125.csproj", "{2E724DDD-40D9-4F36-9FD2-2EC64CDB8354}"
EndProject
Project("{9A19103F-16F7-4668-BE54-9A1E7A4F7556}") = "R5T.F0133", "..\..\R5T.F0133\source\R5T.F0133\R5T.F0133.csproj", "{59964799-783E-4506-9B54-38D856F34DA7}"
EndProject
Project("{9A19103F-16F7-4668-BE54-9A1E7A4F7556}") = "R5T.F0134", "..\..\R5T.F0134\source\R5T.F0134\R5T.F0134.csproj", "{0ACDFCB9-95DF-4FF3-ABFA-3F20223715BF}"
EndProject
Project("{9A19103F-16F7-4668-BE54-9A1E7A4F7556}") = "R5T.L0030.T000", "..\..\R5T.L0030\source\R5T.L0030.T000\R5T.L0030.T000.csproj", "{66D9B566-AD21-43DF-8C45-C0D2C85CC32E}"
EndProject
Project("{9A19103F-16F7-4668-BE54-9A1E7A4F7556}") = "R5T.L0030", "..\..\R5T.L0030\source\R5T.L0030\R5T.L0030.csproj", "{D454F820-A5BA-4C4D-BA3A-E8B400E2D4A3}"
EndProject
Project("{9A19103F-16F7-4668-BE54-9A1E7A4F7556}") = "R5T.L0034", "..\..\R5T.L0034\source\R5T.L0034\R5T.L0034.csproj", "{618D11EC-398A-483B-9F1C-51E10B0E88AF}"
EndProject
Project("{9A19103F-16F7-4668-BE54-9A1E7A4F7556}") = "R5T.L0035", "..\..\R5T.L0035\source\R5T.L0035\R5T.L0035.csproj", "{43A9391F-890F-4795-89F1-54F698E67569}"
EndProject
Project("{9A19103F-16F7-4668-BE54-9A1E7A4F7556}") = "R5T.L0043.F000", "..\..\R5T.L0043\source\R5T.L0043.F000\R5T.L0043.F000.csproj", "{9552B519-89BD-417A-95A9-B06271036327}"
EndProject
Project("{9A19103F-16F7-4668-BE54-9A1E7A4F7556}") = "R5T.L0043.O001", "..\..\R5T.L0043\source\R5T.L0043.O001\R5T.L0043.O001.csproj", "{EA81DC10-8733-427D-9342-9416B63D65BA}"
EndProject
Project("{9A19103F-16F7-4668-BE54-9A1E7A4F7556}") = "R5T.L0043.O002", "..\..\R5T.L0043\source\R5T.L0043.O002\R5T.L0043.O002.csproj", "{ED80067A-7656-4B49-BA07-09DE732DDC4D}"
EndProject
Project("{9A19103F-16F7-4668-BE54-9A1E7A4F7556}") = "R5T.L0043.T000", "..\..\R5T.L0043\source\R5T.L0043.T000\R5T.L0043.T000.csproj", "{B0D46DFE-C92F-4B5A-A844-24E5A41B2364}"
EndProject
Project("{9A19103F-16F7-4668-BE54-9A1E7A4F7556}") = "R5T.L0043.Z000", "..\..\R5T.L0043\source\R5T.L0043.Z000\R5T.L0043.Z000.csproj", "{5AE079A9-4AF8-4433-BDC4-82DB3EA017B9}"
EndProject
Project("{9A19103F-16F7-4668-BE54-9A1E7A4F7556}") = "R5T.L0043.Z002", "..\..\R5T.L0043\source\R5T.L0043.Z002\R5T.L0043.Z002.csproj", "{E269D89E-200F-4EBD-A7BF-91860B4681B2}"
EndProject
Project("{9A19103F-16F7-4668-BE54-9A1E7A4F7556}") = "R5T.L0044.O001", "..\..\R5T.L0044\source\R5T.L0044.O001\R5T.L0044.O001.csproj", "{86DF6FA1-BF9E-4997-80D5-1E918F829A35}"
EndProject
Project("{9A19103F-16F7-4668-BE54-9A1E7A4F7556}") = "R5T.L0044.T000", "..\..\R5T.L0044\source\R5T.L0044.T000\R5T.L0044.T000.csproj", "{B3F58591-61C6-4777-9465-188B934EB67C}"
EndProject
Project("{9A19103F-16F7-4668-BE54-9A1E7A4F7556}") = "R5T.L0044.X000", "..\..\R5T.L0044\source\R5T.L0044.X000\R5T.L0044.X000.csproj", "{DE2F62EE-4D6D-4EF1-8C22-30EBABB7A74A}"
EndProject
Project("{9A19103F-16F7-4668-BE54-9A1E7A4F7556}") = "R5T.L0044.Z001", "..\..\R5T.L0044\source\R5T.L0044.Z001\R5T.L0044.Z001.csproj", "{4792EE66-2AD3-4342-8714-7720074B251D}"
EndProject
Project("{9A19103F-16F7-4668-BE54-9A1E7A4F7556}") = "R5T.L0044", "..\..\R5T.L0044\source\R5T.L0044\R5T.L0044.csproj", "{1CFEB44F-9EAD-4681-866C-10B7099525ED}"
EndProject
Project("{9A19103F-16F7-4668-BE54-9A1E7A4F7556}") = "R5T.L0045.O001", "..\..\R5T.L0045\source\R5T.L0045.O001\R5T.L0045.O001.csproj", "{885E5F69-A6C3-4767-AB53-0B634E29E24F}"
EndProject
Project("{9A19103F-16F7-4668-BE54-9A1E7A4F7556}") = "R5T.L0045.T000", "..\..\R5T.L0045\source\R5T.L0045.T000\R5T.L0045.T000.csproj", "{959661FD-20F8-4E82-8510-E87EA95A003A}"
EndProject
Project("{9A19103F-16F7-4668-BE54-9A1E7A4F7556}") = "R5T.L0045.X000", "..\..\R5T.L0045\source\R5T.L0045.X000\R5T.L0045.X000.csproj", "{2F23C2A6-082F-4D41-957D-BEE30020027E}"
EndProject
Project("{9A19103F-16F7-4668-BE54-9A1E7A4F7556}") = "R5T.L0045", "..\..\R5T.L0045\source\R5T.L0045\R5T.L0045.csproj", "{8F0A3578-0055-4B94-9D66-38E4EAFFE7F2}"
EndProject
Project("{9A19103F-16F7-4668-BE54-9A1E7A4F7556}") = "R5T.L0046.O001", "..\..\R5T.L0046\source\R5T.L0046.O001\R5T.L0046.O001.csproj", "{32A1846B-1041-4EFC-965A-F2CB09E38171}"
EndProject
Project("{9A19103F-16F7-4668-BE54-9A1E7A4F7556}") = "R5T.L0046.T000", "..\..\R5T.L0046\source\R5T.L0046.T000\R5T.L0046.T000.csproj", "{C16712C6-6027-4905-AD4D-66A5651B80DB}"
EndProject
Project("{9A19103F-16F7-4668-BE54-9A1E7A4F7556}") = "R5T.L0046.X000", "..\..\R5T.L0046\source\R5T.L0046.X000\R5T.L0046.X000.csproj", "{C6A3F9C3-CC12-4A1E-8869-43922DFB306D}"
EndProject
Project("{9A19103F-16F7-4668-BE54-9A1E7A4F7556}") = "R5T.L0046", "..\..\R5T.L0046\source\R5T.L0046\R5T.L0046.csproj", "{40EF363F-CD02-4D62-A021-D1578B154E55}"
EndProject
Project("{9A19103F-16F7-4668-BE54-9A1E7A4F7556}") = "R5T.O0007", "..\..\R5T.O0007\source\R5T.O0007\R5T.O0007.csproj", "{5A5B0F5B-4190-406D-8267-D435C41845E6}"
EndProject
Project("{9A19103F-16F7-4668-BE54-9A1E7A4F7556}") = "R5T.T0131", "..\..\R5T.T0131\source\R5T.T0131\R5T.T0131.csproj", "{57A16D4B-B128-4A92-8FCA-203CCAC50E33}"
EndProject
Project("{9A19103F-16F7-4668-BE54-9A1E7A4F7556}") = "R5T.T0132", "..\..\R5T.T0132\source\R5T.T0132\R5T.T0132.csproj", "{D55A719F-8061-401D-94BC-3F505394A230}"
EndProject
Project("{9A19103F-16F7-4668-BE54-9A1E7A4F7556}") = "R5T.T0142", "..\..\R5T.T0142\source\R5T.T0142\R5T.T0142.csproj", "{75112468-A96C-4FA9-BFCC-F571F36FF1C7}"
EndProject
Project("{9A19103F-16F7-4668-BE54-9A1E7A4F7556}") = "R5T.T0143", "..\..\R5T.T0143\source\R5T.T0143\R5T.T0143.csproj", "{6364E66F-8DE9-47F4-B546-CD22189E36CF}"
EndProject
Project("{9A19103F-16F7-4668-BE54-9A1E7A4F7556}") = "R5T.T0156", "..\..\R5T.T0156\source\R5T.T0156\R5T.T0156.csproj", "{30F7FF09-9E79-4708-85E7-C9DD4D9AC679}"
EndProject
Project("{9A19103F-16F7-4668-BE54-9A1E7A4F7556}") = "R5T.T0174", "..\..\R5T.T0174\source\R5T.T0174\R5T.T0174.csproj", "{B8639F86-9D36-4497-A35A-3AA666C97AC9}"
EndProject
Project("{9A19103F-16F7-4668-BE54-9A1E7A4F7556}") = "R5T.T0176", "..\..\R5T.T0176\source\R5T.T0176\R5T.T0176.csproj", "{01A10C4F-C0BD-452F-AB61-905AC15AE7C7}"
EndProject
Project("{9A19103F-16F7-4668-BE54-9A1E7A4F7556}") = "R5T.T0177", "..\..\R5T.T0177\source\R5T.T0177\R5T.T0177.csproj", "{417185B1-D741-49B9-A64F-D664AD08B829}"
EndProject
Project("{9A19103F-16F7-4668-BE54-9A1E7A4F7556}") = "R5T.T0178", "..\..\R5T.T0178\source\R5T.T0178\R5T.T0178.csproj", "{B5786AFA-D047-408D-A451-7A303430DFB3}"
EndProject
Project("{9A19103F-16F7-4668-BE54-9A1E7A4F7556}") = "R5T.T0179", "..\..\R5T.T0179\source\R5T.T0179\R5T.T0179.csproj", "{4EF5A4B2-CE6D-461B-B3A2-3D58C7223EC9}"
EndProject
Project("{9A19103F-16F7-4668-BE54-9A1E7A4F7556}") = "R5T.T0180", "..\..\R5T.T0180\source\R5T.T0180\R5T.T0180.csproj", "{81961DC4-BC0F-438D-A5A5-CA4D3965E3AB}"
EndProject
Project("{9A19103F-16F7-4668-BE54-9A1E7A4F7556}") = "R5T.T0181", "..\..\R5T.T0181\source\R5T.T0181\R5T.T0181.csproj", "{37BEACC3-10A5-4189-836E-E37BC2F25256}"
EndProject
Project("{9A19103F-16F7-4668-BE54-9A1E7A4F7556}") = "R5T.T0184", "..\..\R5T.T0184\source\R5T.T0184\R5T.T0184.csproj", "{2CBD54B2-8A6B-47DE-A293-67CA89A0AFC4}"
EndProject
Project("{9A19103F-16F7-4668-BE54-9A1E7A4F7556}") = "R5T.T0185", "..\..\R5T.T0185\source\R5T.T0185\R5T.T0185.csproj", "{A40EA33C-4181-4148-8043-FA5D2B7090CF}"
EndProject
Project("{9A19103F-16F7-4668-BE54-9A1E7A4F7556}") = "R5T.T0186", "..\..\R5T.T0186\source\R5T.T0186\R5T.T0186.csproj", "{0FEBF874-ED00-4CDE-BBB6-9383A04D5ED3}"
EndProject
Project("{9A19103F-16F7-4668-BE54-9A1E7A4F7556}") = "R5T.T0187", "..\..\R5T.T0187\source\R5T.T0187\R5T.T0187.csproj", "{CFB75A80-A02D-4865-8C2B-1D3E5BC65043}"
EndProject
Project("{9A19103F-16F7-4668-BE54-9A1E7A4F7556}") = "R5T.T0197", "..\..\R5T.T0197\source\R5T.T0197\R5T.T0197.csproj", "{327648D9-A6FE-41BE-BE4F-A3911AEDD9D8}"
EndProject
Project("{9A19103F-16F7-4668-BE54-9A1E7A4F7556}") = "R5T.T0203", "..\..\R5T.T0203\source\R5T.T0203\R5T.T0203.csproj", "{91E55F74-D8D5-4520-8441-09578AA15AA2}"
EndProject
Project("{9A19103F-16F7-4668-BE54-9A1E7A4F7556}") = "R5T.Y0000", "..\..\R5T.Y0000\source\R5T.Y0000\R5T.Y0000.csproj", "{12DAC1F6-A32C-4061-A3BB-2081D44462BD}"
EndProject
Project("{9A19103F-16F7-4668-BE54-9A1E7A4F7556}") = "R5T.Z0000", "..\..\R5T.Z0000\source\R5T.Z0000\R5T.Z0000.csproj", "{4CCDD59C-9574-47F7-B58E-CB3CF357C0B3}"
EndProject
Project("{9A19103F-16F7-4668-BE54-9A1E7A4F7556}") = "R5T.Z0047", "..\..\R5T.Z0047\source\R5T.Z0047\R5T.Z0047.csproj", "{60C72B47-62E3-4407-8042-F1157A253889}"
EndProject
Project("{9A19103F-16F7-4668-BE54-9A1E7A4F7556}") = "R5T.T0204", "..\..\R5T.T0204\source\R5T.T0204\R5T.T0204.csproj", "{5BF3F6DF-2D30-4295-8D4A-95AA5499A44C}"
EndProject
Project("{9A19103F-16F7-4668-BE54-9A1E7A4F7556}") = "R5T.T0207", "..\..\R5T.T0207\source\R5T.T0207\R5T.T0207.csproj", "{8BB69630-3657-4462-9660-7D5CAAB94AD3}"
EndProject
Global
	GlobalSection(NestedProjects) = preSolution
		{1F9310AF-6895-4DCE-807D-E13B64A17665} = {9CDD1FE6-F1DD-49F8-B130-7A08CB3F6D5F}
		{F9C1AB9E-EE0E-4220-B446-0E3E7A3D4A26} = {9CDD1FE6-F1DD-49F8-B130-7A08CB3F6D5F}
		{70A365C4-620C-42B3-8C47-AEC9AB36F86C} = {9CDD1FE6-F1DD-49F8-B130-7A08CB3F6D5F}
		{85BE91D5-E8FC-4322-9BF3-6E028002A760} = {9CDD1FE6-F1DD-49F8-B130-7A08CB3F6D5F}
		{2E724DDD-40D9-4F36-9FD2-2EC64CDB8354} = {9CDD1FE6-F1DD-49F8-B130-7A08CB3F6D5F}
		{59964799-783E-4506-9B54-38D856F34DA7} = {9CDD1FE6-F1DD-49F8-B130-7A08CB3F6D5F}
		{0ACDFCB9-95DF-4FF3-ABFA-3F20223715BF} = {9CDD1FE6-F1DD-49F8-B130-7A08CB3F6D5F}
		{66D9B566-AD21-43DF-8C45-C0D2C85CC32E} = {9CDD1FE6-F1DD-49F8-B130-7A08CB3F6D5F}
		{D454F820-A5BA-4C4D-BA3A-E8B400E2D4A3} = {9CDD1FE6-F1DD-49F8-B130-7A08CB3F6D5F}
		{618D11EC-398A-483B-9F1C-51E10B0E88AF} = {9CDD1FE6-F1DD-49F8-B130-7A08CB3F6D5F}
		{43A9391F-890F-4795-89F1-54F698E67569} = {9CDD1FE6-F1DD-49F8-B130-7A08CB3F6D5F}
		{9552B519-89BD-417A-95A9-B06271036327} = {9CDD1FE6-F1DD-49F8-B130-7A08CB3F6D5F}
		{EA81DC10-8733-427D-9342-9416B63D65BA} = {9CDD1FE6-F1DD-49F8-B130-7A08CB3F6D5F}
		{ED80067A-7656-4B49-BA07-09DE732DDC4D} = {9CDD1FE6-F1DD-49F8-B130-7A08CB3F6D5F}
		{B0D46DFE-C92F-4B5A-A844-24E5A41B2364} = {9CDD1FE6-F1DD-49F8-B130-7A08CB3F6D5F}
		{5AE079A9-4AF8-4433-BDC4-82DB3EA017B9} = {9CDD1FE6-F1DD-49F8-B130-7A08CB3F6D5F}
		{E269D89E-200F-4EBD-A7BF-91860B4681B2} = {9CDD1FE6-F1DD-49F8-B130-7A08CB3F6D5F}
		{86DF6FA1-BF9E-4997-80D5-1E918F829A35} = {9CDD1FE6-F1DD-49F8-B130-7A08CB3F6D5F}
		{B3F58591-61C6-4777-9465-188B934EB67C} = {9CDD1FE6-F1DD-49F8-B130-7A08CB3F6D5F}
		{DE2F62EE-4D6D-4EF1-8C22-30EBABB7A74A} = {9CDD1FE6-F1DD-49F8-B130-7A08CB3F6D5F}
		{4792EE66-2AD3-4342-8714-7720074B251D} = {9CDD1FE6-F1DD-49F8-B130-7A08CB3F6D5F}
		{1CFEB44F-9EAD-4681-866C-10B7099525ED} = {9CDD1FE6-F1DD-49F8-B130-7A08CB3F6D5F}
		{885E5F69-A6C3-4767-AB53-0B634E29E24F} = {9CDD1FE6-F1DD-49F8-B130-7A08CB3F6D5F}
		{959661FD-20F8-4E82-8510-E87EA95A003A} = {9CDD1FE6-F1DD-49F8-B130-7A08CB3F6D5F}
		{2F23C2A6-082F-4D41-957D-BEE30020027E} = {9CDD1FE6-F1DD-49F8-B130-7A08CB3F6D5F}
		{8F0A3578-0055-4B94-9D66-38E4EAFFE7F2} = {9CDD1FE6-F1DD-49F8-B130-7A08CB3F6D5F}
		{32A1846B-1041-4EFC-965A-F2CB09E38171} = {9CDD1FE6-F1DD-49F8-B130-7A08CB3F6D5F}
		{C16712C6-6027-4905-AD4D-66A5651B80DB} = {9CDD1FE6-F1DD-49F8-B130-7A08CB3F6D5F}
		{C6A3F9C3-CC12-4A1E-8869-43922DFB306D} = {9CDD1FE6-F1DD-49F8-B130-7A08CB3F6D5F}
		{40EF363F-CD02-4D62-A021-D1578B154E55} = {9CDD1FE6-F1DD-49F8-B130-7A08CB3F6D5F}
		{5A5B0F5B-4190-406D-8267-D435C41845E6} = {9CDD1FE6-F1DD-49F8-B130-7A08CB3F6D5F}
		{57A16D4B-B128-4A92-8FCA-203CCAC50E33} = {9CDD1FE6-F1DD-49F8-B130-7A08CB3F6D5F}
		{D55A719F-8061-401D-94BC-3F505394A230} = {9CDD1FE6-F1DD-49F8-B130-7A08CB3F6D5F}
		{75112468-A96C-4FA9-BFCC-F571F36FF1C7} = {9CDD1FE6-F1DD-49F8-B130-7A08CB3F6D5F}
		{6364E66F-8DE9-47F4-B546-CD22189E36CF} = {9CDD1FE6-F1DD-49F8-B130-7A08CB3F6D5F}
		{30F7FF09-9E79-4708-85E7-C9DD4D9AC679} = {9CDD1FE6-F1DD-49F8-B130-7A08CB3F6D5F}
		{B8639F86-9D36-4497-A35A-3AA666C97AC9} = {9CDD1FE6-F1DD-49F8-B130-7A08CB3F6D5F}
		{01A10C4F-C0BD-452F-AB61-905AC15AE7C7} = {9CDD1FE6-F1DD-49F8-B130-7A08CB3F6D5F}
		{417185B1-D741-49B9-A64F-D664AD08B829} = {9CDD1FE6-F1DD-49F8-B130-7A08CB3F6D5F}
		{B5786AFA-D047-408D-A451-7A303430DFB3} = {9CDD1FE6-F1DD-49F8-B130-7A08CB3F6D5F}
		{4EF5A4B2-CE6D-461B-B3A2-3D58C7223EC9} = {9CDD1FE6-F1DD-49F8-B130-7A08CB3F6D5F}
		{81961DC4-BC0F-438D-A5A5-CA4D3965E3AB} = {9CDD1FE6-F1DD-49F8-B130-7A08CB3F6D5F}
		{37BEACC3-10A5-4189-836E-E37BC2F25256} = {9CDD1FE6-F1DD-49F8-B130-7A08CB3F6D5F}
		{2CBD54B2-8A6B-47DE-A293-67CA89A0AFC4} = {9CDD1FE6-F1DD-49F8-B130-7A08CB3F6D5F}
		{A40EA33C-4181-4148-8043-FA5D2B7090CF} = {9CDD1FE6-F1DD-49F8-B130-7A08CB3F6D5F}
		{0FEBF874-ED00-4CDE-BBB6-9383A04D5ED3} = {9CDD1FE6-F1DD-49F8-B130-7A08CB3F6D5F}
		{CFB75A80-A02D-4865-8C2B-1D3E5BC65043} = {9CDD1FE6-F1DD-49F8-B130-7A08CB3F6D5F}
		{327648D9-A6FE-41BE-BE4F-A3911AEDD9D8} = {9CDD1FE6-F1DD-49F8-B130-7A08CB3F6D5F}
		{91E55F74-D8D5-4520-8441-09578AA15AA2} = {9CDD1FE6-F1DD-49F8-B130-7A08CB3F6D5F}
		{12DAC1F6-A32C-4061-A3BB-2081D44462BD} = {9CDD1FE6-F1DD-49F8-B130-7A08CB3F6D5F}
		{4CCDD59C-9574-47F7-B58E-CB3CF357C0B3} = {9CDD1FE6-F1DD-49F8-B130-7A08CB3F6D5F}
		{60C72B47-62E3-4407-8042-F1157A253889} = {9CDD1FE6-F1DD-49F8-B130-7A08CB3F6D5F}
		{5BF3F6DF-2D30-4295-8D4A-95AA5499A44C} = {9CDD1FE6-F1DD-49F8-B130-7A08CB3F6D5F}
		{8BB69630-3657-4462-9660-7D5CAAB94AD3} = {9CDD1FE6-F1DD-49F8-B130-7A08CB3F6D5F}
	EndGlobalSection
	GlobalSection(SolutionConfigurationPlatforms) = preSolution
		Debug|Any CPU = Debug|Any CPU
		Release|Any CPU = Release|Any CPU
	EndGlobalSection
	GlobalSection(ProjectConfigurationPlatforms) = postSolution
		{7422E24A-E563-4114-B02C-AC887B3F7F3B}.Debug|Any CPU.ActiveCfg = Debug|Any CPU
		{7422E24A-E563-4114-B02C-AC887B3F7F3B}.Debug|Any CPU.Build.0 = Debug|Any CPU
		{7422E24A-E563-4114-B02C-AC887B3F7F3B}.Release|Any CPU.ActiveCfg = Release|Any CPU
		{7422E24A-E563-4114-B02C-AC887B3F7F3B}.Release|Any CPU.Build.0 = Release|Any CPU
		{B60C4BCA-3B37-4D1E-85ED-F46FE1A4F662}.Debug|Any CPU.ActiveCfg = Debug|Any CPU
		{B60C4BCA-3B37-4D1E-85ED-F46FE1A4F662}.Debug|Any CPU.Build.0 = Debug|Any CPU
		{B60C4BCA-3B37-4D1E-85ED-F46FE1A4F662}.Release|Any CPU.ActiveCfg = Release|Any CPU
		{B60C4BCA-3B37-4D1E-85ED-F46FE1A4F662}.Release|Any CPU.Build.0 = Release|Any CPU
		{1F9310AF-6895-4DCE-807D-E13B64A17665}.Debug|Any CPU.ActiveCfg = Debug|Any CPU
		{1F9310AF-6895-4DCE-807D-E13B64A17665}.Debug|Any CPU.Build.0 = Debug|Any CPU
		{1F9310AF-6895-4DCE-807D-E13B64A17665}.Release|Any CPU.ActiveCfg = Release|Any CPU
		{1F9310AF-6895-4DCE-807D-E13B64A17665}.Release|Any CPU.Build.0 = Release|Any CPU
		{F9C1AB9E-EE0E-4220-B446-0E3E7A3D4A26}.Debug|Any CPU.ActiveCfg = Debug|Any CPU
		{F9C1AB9E-EE0E-4220-B446-0E3E7A3D4A26}.Debug|Any CPU.Build.0 = Debug|Any CPU
		{F9C1AB9E-EE0E-4220-B446-0E3E7A3D4A26}.Release|Any CPU.ActiveCfg = Release|Any CPU
		{F9C1AB9E-EE0E-4220-B446-0E3E7A3D4A26}.Release|Any CPU.Build.0 = Release|Any CPU
		{70A365C4-620C-42B3-8C47-AEC9AB36F86C}.Debug|Any CPU.ActiveCfg = Debug|Any CPU
		{70A365C4-620C-42B3-8C47-AEC9AB36F86C}.Debug|Any CPU.Build.0 = Debug|Any CPU
		{70A365C4-620C-42B3-8C47-AEC9AB36F86C}.Release|Any CPU.ActiveCfg = Release|Any CPU
		{70A365C4-620C-42B3-8C47-AEC9AB36F86C}.Release|Any CPU.Build.0 = Release|Any CPU
		{85BE91D5-E8FC-4322-9BF3-6E028002A760}.Debug|Any CPU.ActiveCfg = Debug|Any CPU
		{85BE91D5-E8FC-4322-9BF3-6E028002A760}.Debug|Any CPU.Build.0 = Debug|Any CPU
		{85BE91D5-E8FC-4322-9BF3-6E028002A760}.Release|Any CPU.ActiveCfg = Release|Any CPU
		{85BE91D5-E8FC-4322-9BF3-6E028002A760}.Release|Any CPU.Build.0 = Release|Any CPU
		{2E724DDD-40D9-4F36-9FD2-2EC64CDB8354}.Debug|Any CPU.ActiveCfg = Debug|Any CPU
		{2E724DDD-40D9-4F36-9FD2-2EC64CDB8354}.Debug|Any CPU.Build.0 = Debug|Any CPU
		{2E724DDD-40D9-4F36-9FD2-2EC64CDB8354}.Release|Any CPU.ActiveCfg = Release|Any CPU
		{2E724DDD-40D9-4F36-9FD2-2EC64CDB8354}.Release|Any CPU.Build.0 = Release|Any CPU
		{59964799-783E-4506-9B54-38D856F34DA7}.Debug|Any CPU.ActiveCfg = Debug|Any CPU
		{59964799-783E-4506-9B54-38D856F34DA7}.Debug|Any CPU.Build.0 = Debug|Any CPU
		{59964799-783E-4506-9B54-38D856F34DA7}.Release|Any CPU.ActiveCfg = Release|Any CPU
		{59964799-783E-4506-9B54-38D856F34DA7}.Release|Any CPU.Build.0 = Release|Any CPU
		{0ACDFCB9-95DF-4FF3-ABFA-3F20223715BF}.Debug|Any CPU.ActiveCfg = Debug|Any CPU
		{0ACDFCB9-95DF-4FF3-ABFA-3F20223715BF}.Debug|Any CPU.Build.0 = Debug|Any CPU
		{0ACDFCB9-95DF-4FF3-ABFA-3F20223715BF}.Release|Any CPU.ActiveCfg = Release|Any CPU
		{0ACDFCB9-95DF-4FF3-ABFA-3F20223715BF}.Release|Any CPU.Build.0 = Release|Any CPU
		{66D9B566-AD21-43DF-8C45-C0D2C85CC32E}.Debug|Any CPU.ActiveCfg = Debug|Any CPU
		{66D9B566-AD21-43DF-8C45-C0D2C85CC32E}.Debug|Any CPU.Build.0 = Debug|Any CPU
		{66D9B566-AD21-43DF-8C45-C0D2C85CC32E}.Release|Any CPU.ActiveCfg = Release|Any CPU
		{66D9B566-AD21-43DF-8C45-C0D2C85CC32E}.Release|Any CPU.Build.0 = Release|Any CPU
		{D454F820-A5BA-4C4D-BA3A-E8B400E2D4A3}.Debug|Any CPU.ActiveCfg = Debug|Any CPU
		{D454F820-A5BA-4C4D-BA3A-E8B400E2D4A3}.Debug|Any CPU.Build.0 = Debug|Any CPU
		{D454F820-A5BA-4C4D-BA3A-E8B400E2D4A3}.Release|Any CPU.ActiveCfg = Release|Any CPU
		{D454F820-A5BA-4C4D-BA3A-E8B400E2D4A3}.Release|Any CPU.Build.0 = Release|Any CPU
		{618D11EC-398A-483B-9F1C-51E10B0E88AF}.Debug|Any CPU.ActiveCfg = Debug|Any CPU
		{618D11EC-398A-483B-9F1C-51E10B0E88AF}.Debug|Any CPU.Build.0 = Debug|Any CPU
		{618D11EC-398A-483B-9F1C-51E10B0E88AF}.Release|Any CPU.ActiveCfg = Release|Any CPU
		{618D11EC-398A-483B-9F1C-51E10B0E88AF}.Release|Any CPU.Build.0 = Release|Any CPU
		{43A9391F-890F-4795-89F1-54F698E67569}.Debug|Any CPU.ActiveCfg = Debug|Any CPU
		{43A9391F-890F-4795-89F1-54F698E67569}.Debug|Any CPU.Build.0 = Debug|Any CPU
		{43A9391F-890F-4795-89F1-54F698E67569}.Release|Any CPU.ActiveCfg = Release|Any CPU
		{43A9391F-890F-4795-89F1-54F698E67569}.Release|Any CPU.Build.0 = Release|Any CPU
		{9552B519-89BD-417A-95A9-B06271036327}.Debug|Any CPU.ActiveCfg = Debug|Any CPU
		{9552B519-89BD-417A-95A9-B06271036327}.Debug|Any CPU.Build.0 = Debug|Any CPU
		{9552B519-89BD-417A-95A9-B06271036327}.Release|Any CPU.ActiveCfg = Release|Any CPU
		{9552B519-89BD-417A-95A9-B06271036327}.Release|Any CPU.Build.0 = Release|Any CPU
		{EA81DC10-8733-427D-9342-9416B63D65BA}.Debug|Any CPU.ActiveCfg = Debug|Any CPU
		{EA81DC10-8733-427D-9342-9416B63D65BA}.Debug|Any CPU.Build.0 = Debug|Any CPU
		{EA81DC10-8733-427D-9342-9416B63D65BA}.Release|Any CPU.ActiveCfg = Release|Any CPU
		{EA81DC10-8733-427D-9342-9416B63D65BA}.Release|Any CPU.Build.0 = Release|Any CPU
		{ED80067A-7656-4B49-BA07-09DE732DDC4D}.Debug|Any CPU.ActiveCfg = Debug|Any CPU
		{ED80067A-7656-4B49-BA07-09DE732DDC4D}.Debug|Any CPU.Build.0 = Debug|Any CPU
		{ED80067A-7656-4B49-BA07-09DE732DDC4D}.Release|Any CPU.ActiveCfg = Release|Any CPU
		{ED80067A-7656-4B49-BA07-09DE732DDC4D}.Release|Any CPU.Build.0 = Release|Any CPU
		{B0D46DFE-C92F-4B5A-A844-24E5A41B2364}.Debug|Any CPU.ActiveCfg = Debug|Any CPU
		{B0D46DFE-C92F-4B5A-A844-24E5A41B2364}.Debug|Any CPU.Build.0 = Debug|Any CPU
		{B0D46DFE-C92F-4B5A-A844-24E5A41B2364}.Release|Any CPU.ActiveCfg = Release|Any CPU
		{B0D46DFE-C92F-4B5A-A844-24E5A41B2364}.Release|Any CPU.Build.0 = Release|Any CPU
		{5AE079A9-4AF8-4433-BDC4-82DB3EA017B9}.Debug|Any CPU.ActiveCfg = Debug|Any CPU
		{5AE079A9-4AF8-4433-BDC4-82DB3EA017B9}.Debug|Any CPU.Build.0 = Debug|Any CPU
		{5AE079A9-4AF8-4433-BDC4-82DB3EA017B9}.Release|Any CPU.ActiveCfg = Release|Any CPU
		{5AE079A9-4AF8-4433-BDC4-82DB3EA017B9}.Release|Any CPU.Build.0 = Release|Any CPU
		{E269D89E-200F-4EBD-A7BF-91860B4681B2}.Debug|Any CPU.ActiveCfg = Debug|Any CPU
		{E269D89E-200F-4EBD-A7BF-91860B4681B2}.Debug|Any CPU.Build.0 = Debug|Any CPU
		{E269D89E-200F-4EBD-A7BF-91860B4681B2}.Release|Any CPU.ActiveCfg = Release|Any CPU
		{E269D89E-200F-4EBD-A7BF-91860B4681B2}.Release|Any CPU.Build.0 = Release|Any CPU
		{86DF6FA1-BF9E-4997-80D5-1E918F829A35}.Debug|Any CPU.ActiveCfg = Debug|Any CPU
		{86DF6FA1-BF9E-4997-80D5-1E918F829A35}.Debug|Any CPU.Build.0 = Debug|Any CPU
		{86DF6FA1-BF9E-4997-80D5-1E918F829A35}.Release|Any CPU.ActiveCfg = Release|Any CPU
		{86DF6FA1-BF9E-4997-80D5-1E918F829A35}.Release|Any CPU.Build.0 = Release|Any CPU
		{B3F58591-61C6-4777-9465-188B934EB67C}.Debug|Any CPU.ActiveCfg = Debug|Any CPU
		{B3F58591-61C6-4777-9465-188B934EB67C}.Debug|Any CPU.Build.0 = Debug|Any CPU
		{B3F58591-61C6-4777-9465-188B934EB67C}.Release|Any CPU.ActiveCfg = Release|Any CPU
		{B3F58591-61C6-4777-9465-188B934EB67C}.Release|Any CPU.Build.0 = Release|Any CPU
		{DE2F62EE-4D6D-4EF1-8C22-30EBABB7A74A}.Debug|Any CPU.ActiveCfg = Debug|Any CPU
		{DE2F62EE-4D6D-4EF1-8C22-30EBABB7A74A}.Debug|Any CPU.Build.0 = Debug|Any CPU
		{DE2F62EE-4D6D-4EF1-8C22-30EBABB7A74A}.Release|Any CPU.ActiveCfg = Release|Any CPU
		{DE2F62EE-4D6D-4EF1-8C22-30EBABB7A74A}.Release|Any CPU.Build.0 = Release|Any CPU
		{4792EE66-2AD3-4342-8714-7720074B251D}.Debug|Any CPU.ActiveCfg = Debug|Any CPU
		{4792EE66-2AD3-4342-8714-7720074B251D}.Debug|Any CPU.Build.0 = Debug|Any CPU
		{4792EE66-2AD3-4342-8714-7720074B251D}.Release|Any CPU.ActiveCfg = Release|Any CPU
		{4792EE66-2AD3-4342-8714-7720074B251D}.Release|Any CPU.Build.0 = Release|Any CPU
		{1CFEB44F-9EAD-4681-866C-10B7099525ED}.Debug|Any CPU.ActiveCfg = Debug|Any CPU
		{1CFEB44F-9EAD-4681-866C-10B7099525ED}.Debug|Any CPU.Build.0 = Debug|Any CPU
		{1CFEB44F-9EAD-4681-866C-10B7099525ED}.Release|Any CPU.ActiveCfg = Release|Any CPU
		{1CFEB44F-9EAD-4681-866C-10B7099525ED}.Release|Any CPU.Build.0 = Release|Any CPU
		{885E5F69-A6C3-4767-AB53-0B634E29E24F}.Debug|Any CPU.ActiveCfg = Debug|Any CPU
		{885E5F69-A6C3-4767-AB53-0B634E29E24F}.Debug|Any CPU.Build.0 = Debug|Any CPU
		{885E5F69-A6C3-4767-AB53-0B634E29E24F}.Release|Any CPU.ActiveCfg = Release|Any CPU
		{885E5F69-A6C3-4767-AB53-0B634E29E24F}.Release|Any CPU.Build.0 = Release|Any CPU
		{959661FD-20F8-4E82-8510-E87EA95A003A}.Debug|Any CPU.ActiveCfg = Debug|Any CPU
		{959661FD-20F8-4E82-8510-E87EA95A003A}.Debug|Any CPU.Build.0 = Debug|Any CPU
		{959661FD-20F8-4E82-8510-E87EA95A003A}.Release|Any CPU.ActiveCfg = Release|Any CPU
		{959661FD-20F8-4E82-8510-E87EA95A003A}.Release|Any CPU.Build.0 = Release|Any CPU
		{2F23C2A6-082F-4D41-957D-BEE30020027E}.Debug|Any CPU.ActiveCfg = Debug|Any CPU
		{2F23C2A6-082F-4D41-957D-BEE30020027E}.Debug|Any CPU.Build.0 = Debug|Any CPU
		{2F23C2A6-082F-4D41-957D-BEE30020027E}.Release|Any CPU.ActiveCfg = Release|Any CPU
		{2F23C2A6-082F-4D41-957D-BEE30020027E}.Release|Any CPU.Build.0 = Release|Any CPU
		{8F0A3578-0055-4B94-9D66-38E4EAFFE7F2}.Debug|Any CPU.ActiveCfg = Debug|Any CPU
		{8F0A3578-0055-4B94-9D66-38E4EAFFE7F2}.Debug|Any CPU.Build.0 = Debug|Any CPU
		{8F0A3578-0055-4B94-9D66-38E4EAFFE7F2}.Release|Any CPU.ActiveCfg = Release|Any CPU
		{8F0A3578-0055-4B94-9D66-38E4EAFFE7F2}.Release|Any CPU.Build.0 = Release|Any CPU
		{32A1846B-1041-4EFC-965A-F2CB09E38171}.Debug|Any CPU.ActiveCfg = Debug|Any CPU
		{32A1846B-1041-4EFC-965A-F2CB09E38171}.Debug|Any CPU.Build.0 = Debug|Any CPU
		{32A1846B-1041-4EFC-965A-F2CB09E38171}.Release|Any CPU.ActiveCfg = Release|Any CPU
		{32A1846B-1041-4EFC-965A-F2CB09E38171}.Release|Any CPU.Build.0 = Release|Any CPU
		{C16712C6-6027-4905-AD4D-66A5651B80DB}.Debug|Any CPU.ActiveCfg = Debug|Any CPU
		{C16712C6-6027-4905-AD4D-66A5651B80DB}.Debug|Any CPU.Build.0 = Debug|Any CPU
		{C16712C6-6027-4905-AD4D-66A5651B80DB}.Release|Any CPU.ActiveCfg = Release|Any CPU
		{C16712C6-6027-4905-AD4D-66A5651B80DB}.Release|Any CPU.Build.0 = Release|Any CPU
		{C6A3F9C3-CC12-4A1E-8869-43922DFB306D}.Debug|Any CPU.ActiveCfg = Debug|Any CPU
		{C6A3F9C3-CC12-4A1E-8869-43922DFB306D}.Debug|Any CPU.Build.0 = Debug|Any CPU
		{C6A3F9C3-CC12-4A1E-8869-43922DFB306D}.Release|Any CPU.ActiveCfg = Release|Any CPU
		{C6A3F9C3-CC12-4A1E-8869-43922DFB306D}.Release|Any CPU.Build.0 = Release|Any CPU
		{40EF363F-CD02-4D62-A021-D1578B154E55}.Debug|Any CPU.ActiveCfg = Debug|Any CPU
		{40EF363F-CD02-4D62-A021-D1578B154E55}.Debug|Any CPU.Build.0 = Debug|Any CPU
		{40EF363F-CD02-4D62-A021-D1578B154E55}.Release|Any CPU.ActiveCfg = Release|Any CPU
		{40EF363F-CD02-4D62-A021-D1578B154E55}.Release|Any CPU.Build.0 = Release|Any CPU
		{5A5B0F5B-4190-406D-8267-D435C41845E6}.Debug|Any CPU.ActiveCfg = Debug|Any CPU
		{5A5B0F5B-4190-406D-8267-D435C41845E6}.Debug|Any CPU.Build.0 = Debug|Any CPU
		{5A5B0F5B-4190-406D-8267-D435C41845E6}.Release|Any CPU.ActiveCfg = Release|Any CPU
		{5A5B0F5B-4190-406D-8267-D435C41845E6}.Release|Any CPU.Build.0 = Release|Any CPU
		{57A16D4B-B128-4A92-8FCA-203CCAC50E33}.Debug|Any CPU.ActiveCfg = Debug|Any CPU
		{57A16D4B-B128-4A92-8FCA-203CCAC50E33}.Debug|Any CPU.Build.0 = Debug|Any CPU
		{57A16D4B-B128-4A92-8FCA-203CCAC50E33}.Release|Any CPU.ActiveCfg = Release|Any CPU
		{57A16D4B-B128-4A92-8FCA-203CCAC50E33}.Release|Any CPU.Build.0 = Release|Any CPU
		{D55A719F-8061-401D-94BC-3F505394A230}.Debug|Any CPU.ActiveCfg = Debug|Any CPU
		{D55A719F-8061-401D-94BC-3F505394A230}.Debug|Any CPU.Build.0 = Debug|Any CPU
		{D55A719F-8061-401D-94BC-3F505394A230}.Release|Any CPU.ActiveCfg = Release|Any CPU
		{D55A719F-8061-401D-94BC-3F505394A230}.Release|Any CPU.Build.0 = Release|Any CPU
		{75112468-A96C-4FA9-BFCC-F571F36FF1C7}.Debug|Any CPU.ActiveCfg = Debug|Any CPU
		{75112468-A96C-4FA9-BFCC-F571F36FF1C7}.Debug|Any CPU.Build.0 = Debug|Any CPU
		{75112468-A96C-4FA9-BFCC-F571F36FF1C7}.Release|Any CPU.ActiveCfg = Release|Any CPU
		{75112468-A96C-4FA9-BFCC-F571F36FF1C7}.Release|Any CPU.Build.0 = Release|Any CPU
		{6364E66F-8DE9-47F4-B546-CD22189E36CF}.Debug|Any CPU.ActiveCfg = Debug|Any CPU
		{6364E66F-8DE9-47F4-B546-CD22189E36CF}.Debug|Any CPU.Build.0 = Debug|Any CPU
		{6364E66F-8DE9-47F4-B546-CD22189E36CF}.Release|Any CPU.ActiveCfg = Release|Any CPU
		{6364E66F-8DE9-47F4-B546-CD22189E36CF}.Release|Any CPU.Build.0 = Release|Any CPU
		{30F7FF09-9E79-4708-85E7-C9DD4D9AC679}.Debug|Any CPU.ActiveCfg = Debug|Any CPU
		{30F7FF09-9E79-4708-85E7-C9DD4D9AC679}.Debug|Any CPU.Build.0 = Debug|Any CPU
		{30F7FF09-9E79-4708-85E7-C9DD4D9AC679}.Release|Any CPU.ActiveCfg = Release|Any CPU
		{30F7FF09-9E79-4708-85E7-C9DD4D9AC679}.Release|Any CPU.Build.0 = Release|Any CPU
		{B8639F86-9D36-4497-A35A-3AA666C97AC9}.Debug|Any CPU.ActiveCfg = Debug|Any CPU
		{B8639F86-9D36-4497-A35A-3AA666C97AC9}.Debug|Any CPU.Build.0 = Debug|Any CPU
		{B8639F86-9D36-4497-A35A-3AA666C97AC9}.Release|Any CPU.ActiveCfg = Release|Any CPU
		{B8639F86-9D36-4497-A35A-3AA666C97AC9}.Release|Any CPU.Build.0 = Release|Any CPU
		{01A10C4F-C0BD-452F-AB61-905AC15AE7C7}.Debug|Any CPU.ActiveCfg = Debug|Any CPU
		{01A10C4F-C0BD-452F-AB61-905AC15AE7C7}.Debug|Any CPU.Build.0 = Debug|Any CPU
		{01A10C4F-C0BD-452F-AB61-905AC15AE7C7}.Release|Any CPU.ActiveCfg = Release|Any CPU
		{01A10C4F-C0BD-452F-AB61-905AC15AE7C7}.Release|Any CPU.Build.0 = Release|Any CPU
		{417185B1-D741-49B9-A64F-D664AD08B829}.Debug|Any CPU.ActiveCfg = Debug|Any CPU
		{417185B1-D741-49B9-A64F-D664AD08B829}.Debug|Any CPU.Build.0 = Debug|Any CPU
		{417185B1-D741-49B9-A64F-D664AD08B829}.Release|Any CPU.ActiveCfg = Release|Any CPU
		{417185B1-D741-49B9-A64F-D664AD08B829}.Release|Any CPU.Build.0 = Release|Any CPU
		{B5786AFA-D047-408D-A451-7A303430DFB3}.Debug|Any CPU.ActiveCfg = Debug|Any CPU
		{B5786AFA-D047-408D-A451-7A303430DFB3}.Debug|Any CPU.Build.0 = Debug|Any CPU
		{B5786AFA-D047-408D-A451-7A303430DFB3}.Release|Any CPU.ActiveCfg = Release|Any CPU
		{B5786AFA-D047-408D-A451-7A303430DFB3}.Release|Any CPU.Build.0 = Release|Any CPU
		{4EF5A4B2-CE6D-461B-B3A2-3D58C7223EC9}.Debug|Any CPU.ActiveCfg = Debug|Any CPU
		{4EF5A4B2-CE6D-461B-B3A2-3D58C7223EC9}.Debug|Any CPU.Build.0 = Debug|Any CPU
		{4EF5A4B2-CE6D-461B-B3A2-3D58C7223EC9}.Release|Any CPU.ActiveCfg = Release|Any CPU
		{4EF5A4B2-CE6D-461B-B3A2-3D58C7223EC9}.Release|Any CPU.Build.0 = Release|Any CPU
		{81961DC4-BC0F-438D-A5A5-CA4D3965E3AB}.Debug|Any CPU.ActiveCfg = Debug|Any CPU
		{81961DC4-BC0F-438D-A5A5-CA4D3965E3AB}.Debug|Any CPU.Build.0 = Debug|Any CPU
		{81961DC4-BC0F-438D-A5A5-CA4D3965E3AB}.Release|Any CPU.ActiveCfg = Release|Any CPU
		{81961DC4-BC0F-438D-A5A5-CA4D3965E3AB}.Release|Any CPU.Build.0 = Release|Any CPU
		{37BEACC3-10A5-4189-836E-E37BC2F25256}.Debug|Any CPU.ActiveCfg = Debug|Any CPU
		{37BEACC3-10A5-4189-836E-E37BC2F25256}.Debug|Any CPU.Build.0 = Debug|Any CPU
		{37BEACC3-10A5-4189-836E-E37BC2F25256}.Release|Any CPU.ActiveCfg = Release|Any CPU
		{37BEACC3-10A5-4189-836E-E37BC2F25256}.Release|Any CPU.Build.0 = Release|Any CPU
		{2CBD54B2-8A6B-47DE-A293-67CA89A0AFC4}.Debug|Any CPU.ActiveCfg = Debug|Any CPU
		{2CBD54B2-8A6B-47DE-A293-67CA89A0AFC4}.Debug|Any CPU.Build.0 = Debug|Any CPU
		{2CBD54B2-8A6B-47DE-A293-67CA89A0AFC4}.Release|Any CPU.ActiveCfg = Release|Any CPU
		{2CBD54B2-8A6B-47DE-A293-67CA89A0AFC4}.Release|Any CPU.Build.0 = Release|Any CPU
		{A40EA33C-4181-4148-8043-FA5D2B7090CF}.Debug|Any CPU.ActiveCfg = Debug|Any CPU
		{A40EA33C-4181-4148-8043-FA5D2B7090CF}.Debug|Any CPU.Build.0 = Debug|Any CPU
		{A40EA33C-4181-4148-8043-FA5D2B7090CF}.Release|Any CPU.ActiveCfg = Release|Any CPU
		{A40EA33C-4181-4148-8043-FA5D2B7090CF}.Release|Any CPU.Build.0 = Release|Any CPU
		{0FEBF874-ED00-4CDE-BBB6-9383A04D5ED3}.Debug|Any CPU.ActiveCfg = Debug|Any CPU
		{0FEBF874-ED00-4CDE-BBB6-9383A04D5ED3}.Debug|Any CPU.Build.0 = Debug|Any CPU
		{0FEBF874-ED00-4CDE-BBB6-9383A04D5ED3}.Release|Any CPU.ActiveCfg = Release|Any CPU
		{0FEBF874-ED00-4CDE-BBB6-9383A04D5ED3}.Release|Any CPU.Build.0 = Release|Any CPU
		{CFB75A80-A02D-4865-8C2B-1D3E5BC65043}.Debug|Any CPU.ActiveCfg = Debug|Any CPU
		{CFB75A80-A02D-4865-8C2B-1D3E5BC65043}.Debug|Any CPU.Build.0 = Debug|Any CPU
		{CFB75A80-A02D-4865-8C2B-1D3E5BC65043}.Release|Any CPU.ActiveCfg = Release|Any CPU
		{CFB75A80-A02D-4865-8C2B-1D3E5BC65043}.Release|Any CPU.Build.0 = Release|Any CPU
		{327648D9-A6FE-41BE-BE4F-A3911AEDD9D8}.Debug|Any CPU.ActiveCfg = Debug|Any CPU
		{327648D9-A6FE-41BE-BE4F-A3911AEDD9D8}.Debug|Any CPU.Build.0 = Debug|Any CPU
		{327648D9-A6FE-41BE-BE4F-A3911AEDD9D8}.Release|Any CPU.ActiveCfg = Release|Any CPU
		{327648D9-A6FE-41BE-BE4F-A3911AEDD9D8}.Release|Any CPU.Build.0 = Release|Any CPU
		{91E55F74-D8D5-4520-8441-09578AA15AA2}.Debug|Any CPU.ActiveCfg = Debug|Any CPU
		{91E55F74-D8D5-4520-8441-09578AA15AA2}.Debug|Any CPU.Build.0 = Debug|Any CPU
		{91E55F74-D8D5-4520-8441-09578AA15AA2}.Release|Any CPU.ActiveCfg = Release|Any CPU
		{91E55F74-D8D5-4520-8441-09578AA15AA2}.Release|Any CPU.Build.0 = Release|Any CPU
		{12DAC1F6-A32C-4061-A3BB-2081D44462BD}.Debug|Any CPU.ActiveCfg = Debug|Any CPU
		{12DAC1F6-A32C-4061-A3BB-2081D44462BD}.Debug|Any CPU.Build.0 = Debug|Any CPU
		{12DAC1F6-A32C-4061-A3BB-2081D44462BD}.Release|Any CPU.ActiveCfg = Release|Any CPU
		{12DAC1F6-A32C-4061-A3BB-2081D44462BD}.Release|Any CPU.Build.0 = Release|Any CPU
		{4CCDD59C-9574-47F7-B58E-CB3CF357C0B3}.Debug|Any CPU.ActiveCfg = Debug|Any CPU
		{4CCDD59C-9574-47F7-B58E-CB3CF357C0B3}.Debug|Any CPU.Build.0 = Debug|Any CPU
		{4CCDD59C-9574-47F7-B58E-CB3CF357C0B3}.Release|Any CPU.ActiveCfg = Release|Any CPU
		{4CCDD59C-9574-47F7-B58E-CB3CF357C0B3}.Release|Any CPU.Build.0 = Release|Any CPU
		{60C72B47-62E3-4407-8042-F1157A253889}.Debug|Any CPU.ActiveCfg = Debug|Any CPU
		{60C72B47-62E3-4407-8042-F1157A253889}.Debug|Any CPU.Build.0 = Debug|Any CPU
		{60C72B47-62E3-4407-8042-F1157A253889}.Release|Any CPU.ActiveCfg = Release|Any CPU
		{60C72B47-62E3-4407-8042-F1157A253889}.Release|Any CPU.Build.0 = Release|Any CPU
		{5BF3F6DF-2D30-4295-8D4A-95AA5499A44C}.Debug|Any CPU.ActiveCfg = Debug|Any CPU
		{5BF3F6DF-2D30-4295-8D4A-95AA5499A44C}.Debug|Any CPU.Build.0 = Debug|Any CPU
		{5BF3F6DF-2D30-4295-8D4A-95AA5499A44C}.Release|Any CPU.ActiveCfg = Release|Any CPU
		{5BF3F6DF-2D30-4295-8D4A-95AA5499A44C}.Release|Any CPU.Build.0 = Release|Any CPU
		{8BB69630-3657-4462-9660-7D5CAAB94AD3}.Debug|Any CPU.ActiveCfg = Debug|Any CPU
		{8BB69630-3657-4462-9660-7D5CAAB94AD3}.Debug|Any CPU.Build.0 = Debug|Any CPU
		{8BB69630-3657-4462-9660-7D5CAAB94AD3}.Release|Any CPU.ActiveCfg = Release|Any CPU
		{8BB69630-3657-4462-9660-7D5CAAB94AD3}.Release|Any CPU.Build.0 = Release|Any CPU
	EndGlobalSection
	GlobalSection(SolutionProperties) = preSolution
		HideSolutionNode = FALSE
	EndGlobalSection
	GlobalSection(ExtensibilityGlobals) = postSolution
		SolutionGuid = {C6BC7150-AF28-4AF8-9D2B-86A1C029173E}
	EndGlobalSection
EndGlobal
