
Microsoft Visual Studio Solution File, Format Version 12.00
# Visual Studio Version 17
VisualStudioVersion = 17.2.32630.192
MinimumVisualStudioVersion = 10.0.40219.1
Project("{9A19103F-16F7-4668-BE54-9A1E7A4F7556}") = "R5T.O0015", "R5T.O0015\R5T.O0015.csproj", "{6F00F4AF-63B9-4027-A5E9-2DC8119771DF}"
EndProject
Project("{2150E333-8FDC-42A3-9474-1A3956D46DE8}") = "_Dependencies", "_Dependencies", "{C289DCEC-7673-435F-9921-BDEA2349BCD0}"
EndProject
Project("{9A19103F-16F7-4668-BE54-9A1E7A4F7556}") = "R5T.F0000", "..\..\R5T.F0000\source\R5T.F0000\R5T.F0000.csproj", "{3862CE74-E357-4D3B-9FDD-1FEA36056AD6}"
EndProject
Project("{9A19103F-16F7-4668-BE54-9A1E7A4F7556}") = "R5T.F0002", "..\..\R5T.F0002\source\R5T.F0002\R5T.F0002.csproj", "{7720EDC3-60DD-445F-A8F9-5F7F6E3E983A}"
EndProject
Project("{9A19103F-16F7-4668-BE54-9A1E7A4F7556}") = "R5T.F0120", "..\..\R5T.F0120\source\R5T.F0120\R5T.F0120.csproj", "{D126675E-E344-4424-952C-8855DA226138}"
EndProject
Project("{9A19103F-16F7-4668-BE54-9A1E7A4F7556}") = "R5T.F0124", "..\..\R5T.F0124\source\R5T.F0124\R5T.F0124.csproj", "{88999F63-4BF0-4B96-8DAC-1CE9E6E0B7C1}"
EndProject
Project("{9A19103F-16F7-4668-BE54-9A1E7A4F7556}") = "R5T.F0125", "..\..\R5T.F0125\source\R5T.F0125\R5T.F0125.csproj", "{1EBD98A3-98A2-4359-A23A-69F5D43DEE38}"
EndProject
Project("{9A19103F-16F7-4668-BE54-9A1E7A4F7556}") = "R5T.F0133", "..\..\R5T.F0133\source\R5T.F0133\R5T.F0133.csproj", "{512C6168-1F6B-4941-909A-01B0894A7D64}"
EndProject
Project("{9A19103F-16F7-4668-BE54-9A1E7A4F7556}") = "R5T.F0134", "..\..\R5T.F0134\source\R5T.F0134\R5T.F0134.csproj", "{1C40230C-1C48-44C8-887D-E3D1A43BF438}"
EndProject
Project("{9A19103F-16F7-4668-BE54-9A1E7A4F7556}") = "R5T.L0030.T000", "..\..\R5T.L0030\source\R5T.L0030.T000\R5T.L0030.T000.csproj", "{48716247-422F-4C5D-90F5-0B48D27CAC68}"
EndProject
Project("{9A19103F-16F7-4668-BE54-9A1E7A4F7556}") = "R5T.L0030", "..\..\R5T.L0030\source\R5T.L0030\R5T.L0030.csproj", "{5B123205-0F7D-470C-9C87-94F86EBD83F4}"
EndProject
Project("{9A19103F-16F7-4668-BE54-9A1E7A4F7556}") = "R5T.L0034", "..\..\R5T.L0034\source\R5T.L0034\R5T.L0034.csproj", "{CDE68898-25FC-4CBF-B008-E9A84818944F}"
EndProject
Project("{9A19103F-16F7-4668-BE54-9A1E7A4F7556}") = "R5T.L0035", "..\..\R5T.L0035\source\R5T.L0035\R5T.L0035.csproj", "{1F79F801-A885-4AA2-B3C0-ACA21FEA3993}"
EndProject
Project("{9A19103F-16F7-4668-BE54-9A1E7A4F7556}") = "R5T.L0043.F000", "..\..\R5T.L0043\source\R5T.L0043.F000\R5T.L0043.F000.csproj", "{E63A8578-6479-4B88-9A00-AD8FC38485A3}"
EndProject
Project("{9A19103F-16F7-4668-BE54-9A1E7A4F7556}") = "R5T.L0043.O001", "..\..\R5T.L0043\source\R5T.L0043.O001\R5T.L0043.O001.csproj", "{42DF3D74-5147-484C-999B-AED2F083900A}"
EndProject
Project("{9A19103F-16F7-4668-BE54-9A1E7A4F7556}") = "R5T.L0043.O002", "..\..\R5T.L0043\source\R5T.L0043.O002\R5T.L0043.O002.csproj", "{095130D0-819A-430E-9572-B5210168C5AF}"
EndProject
Project("{9A19103F-16F7-4668-BE54-9A1E7A4F7556}") = "R5T.L0043.T000", "..\..\R5T.L0043\source\R5T.L0043.T000\R5T.L0043.T000.csproj", "{01408592-45D7-47DD-81A5-7C2F1977D575}"
EndProject
Project("{9A19103F-16F7-4668-BE54-9A1E7A4F7556}") = "R5T.L0043.Z000", "..\..\R5T.L0043\source\R5T.L0043.Z000\R5T.L0043.Z000.csproj", "{97C8ABFB-E37A-4AD7-A4F3-26238F877D4A}"
EndProject
Project("{9A19103F-16F7-4668-BE54-9A1E7A4F7556}") = "R5T.L0043.Z002", "..\..\R5T.L0043\source\R5T.L0043.Z002\R5T.L0043.Z002.csproj", "{DBFEA817-7D91-4420-BC77-62ADF6BA1960}"
EndProject
Project("{9A19103F-16F7-4668-BE54-9A1E7A4F7556}") = "R5T.L0044.O001", "..\..\R5T.L0044\source\R5T.L0044.O001\R5T.L0044.O001.csproj", "{F7F2C9EC-EC27-4430-B510-A7D503C2F72F}"
EndProject
Project("{9A19103F-16F7-4668-BE54-9A1E7A4F7556}") = "R5T.L0044.T000", "..\..\R5T.L0044\source\R5T.L0044.T000\R5T.L0044.T000.csproj", "{DA99F9B5-8AC8-4DAB-BE40-65F4657E7CE5}"
EndProject
Project("{9A19103F-16F7-4668-BE54-9A1E7A4F7556}") = "R5T.L0044.X000", "..\..\R5T.L0044\source\R5T.L0044.X000\R5T.L0044.X000.csproj", "{08D078AE-537C-486D-9E27-5E1FA2766850}"
EndProject
Project("{9A19103F-16F7-4668-BE54-9A1E7A4F7556}") = "R5T.L0044.Z001", "..\..\R5T.L0044\source\R5T.L0044.Z001\R5T.L0044.Z001.csproj", "{E6EA10C6-41F7-4975-B9CC-9618B2E90189}"
EndProject
Project("{9A19103F-16F7-4668-BE54-9A1E7A4F7556}") = "R5T.L0044", "..\..\R5T.L0044\source\R5T.L0044\R5T.L0044.csproj", "{5BA42CA5-CF66-42CD-9947-A4713AFD6A8C}"
EndProject
Project("{9A19103F-16F7-4668-BE54-9A1E7A4F7556}") = "R5T.L0045.O001", "..\..\R5T.L0045\source\R5T.L0045.O001\R5T.L0045.O001.csproj", "{D937B472-9D36-4DB4-8256-59B0D5196435}"
EndProject
Project("{9A19103F-16F7-4668-BE54-9A1E7A4F7556}") = "R5T.L0045.T000", "..\..\R5T.L0045\source\R5T.L0045.T000\R5T.L0045.T000.csproj", "{B6CB77AC-35FF-4EA7-A1EB-F29E4ACEBC52}"
EndProject
Project("{9A19103F-16F7-4668-BE54-9A1E7A4F7556}") = "R5T.L0045.X000", "..\..\R5T.L0045\source\R5T.L0045.X000\R5T.L0045.X000.csproj", "{74DD0CA9-147E-4998-840B-3DDD3A2BEFD6}"
EndProject
Project("{9A19103F-16F7-4668-BE54-9A1E7A4F7556}") = "R5T.L0045", "..\..\R5T.L0045\source\R5T.L0045\R5T.L0045.csproj", "{136FD000-85F2-4AC6-9821-A9FD59905AEA}"
EndProject
Project("{9A19103F-16F7-4668-BE54-9A1E7A4F7556}") = "R5T.L0046.O001", "..\..\R5T.L0046\source\R5T.L0046.O001\R5T.L0046.O001.csproj", "{A476DE7B-2DF1-407B-8FA0-90661A5FAC12}"
EndProject
Project("{9A19103F-16F7-4668-BE54-9A1E7A4F7556}") = "R5T.L0046.T000", "..\..\R5T.L0046\source\R5T.L0046.T000\R5T.L0046.T000.csproj", "{7344CD8D-51BB-4118-B266-7914E0A2E92F}"
EndProject
Project("{9A19103F-16F7-4668-BE54-9A1E7A4F7556}") = "R5T.L0046.X000", "..\..\R5T.L0046\source\R5T.L0046.X000\R5T.L0046.X000.csproj", "{C63859DB-C0C8-427C-A93E-E9681AD82E6A}"
EndProject
Project("{9A19103F-16F7-4668-BE54-9A1E7A4F7556}") = "R5T.L0046", "..\..\R5T.L0046\source\R5T.L0046\R5T.L0046.csproj", "{E5ACC762-84F3-461C-BB3F-B29A4219D52E}"
EndProject
Project("{9A19103F-16F7-4668-BE54-9A1E7A4F7556}") = "R5T.O0007", "..\..\R5T.O0007\source\R5T.O0007\R5T.O0007.csproj", "{9E252FC9-9846-4F61-8CB1-B8817F2BC661}"
EndProject
Project("{9A19103F-16F7-4668-BE54-9A1E7A4F7556}") = "R5T.T0131", "..\..\R5T.T0131\source\R5T.T0131\R5T.T0131.csproj", "{80F38C1E-3A22-43CD-A942-563875429F08}"
EndProject
Project("{9A19103F-16F7-4668-BE54-9A1E7A4F7556}") = "R5T.T0132", "..\..\R5T.T0132\source\R5T.T0132\R5T.T0132.csproj", "{D4C4603E-51D9-4423-AFC9-DB574A5D4675}"
EndProject
Project("{9A19103F-16F7-4668-BE54-9A1E7A4F7556}") = "R5T.T0142", "..\..\R5T.T0142\source\R5T.T0142\R5T.T0142.csproj", "{F6B7C3FF-13FD-4013-AB27-43CCAA2322E3}"
EndProject
Project("{9A19103F-16F7-4668-BE54-9A1E7A4F7556}") = "R5T.T0143", "..\..\R5T.T0143\source\R5T.T0143\R5T.T0143.csproj", "{C927BA61-6CF1-4C2F-86D2-F117798C86A2}"
EndProject
Project("{9A19103F-16F7-4668-BE54-9A1E7A4F7556}") = "R5T.T0156", "..\..\R5T.T0156\source\R5T.T0156\R5T.T0156.csproj", "{E7F8A2CC-971F-4574-A764-F26CA98F6C54}"
EndProject
Project("{9A19103F-16F7-4668-BE54-9A1E7A4F7556}") = "R5T.T0174", "..\..\R5T.T0174\source\R5T.T0174\R5T.T0174.csproj", "{178D7068-27CA-4D68-8FD7-75A8CCDBA4FD}"
EndProject
Project("{9A19103F-16F7-4668-BE54-9A1E7A4F7556}") = "R5T.T0176", "..\..\R5T.T0176\source\R5T.T0176\R5T.T0176.csproj", "{01B64501-2373-404D-8B15-C37ECEC4656B}"
EndProject
Project("{9A19103F-16F7-4668-BE54-9A1E7A4F7556}") = "R5T.T0177", "..\..\R5T.T0177\source\R5T.T0177\R5T.T0177.csproj", "{7651662B-DEEF-4047-A8B1-DD556AA5CF06}"
EndProject
Project("{9A19103F-16F7-4668-BE54-9A1E7A4F7556}") = "R5T.T0178", "..\..\R5T.T0178\source\R5T.T0178\R5T.T0178.csproj", "{2E874CF2-1DC5-4A9D-AED7-9E53AF2B16D9}"
EndProject
Project("{9A19103F-16F7-4668-BE54-9A1E7A4F7556}") = "R5T.T0179", "..\..\R5T.T0179\source\R5T.T0179\R5T.T0179.csproj", "{C7EC919F-7C69-4028-8264-22FB58753599}"
EndProject
Project("{9A19103F-16F7-4668-BE54-9A1E7A4F7556}") = "R5T.T0180", "..\..\R5T.T0180\source\R5T.T0180\R5T.T0180.csproj", "{4FED7BCE-72B8-4A0D-A716-378E143FA936}"
EndProject
Project("{9A19103F-16F7-4668-BE54-9A1E7A4F7556}") = "R5T.T0181", "..\..\R5T.T0181\source\R5T.T0181\R5T.T0181.csproj", "{1A722A14-A294-45B8-8DF5-8C9F857471D5}"
EndProject
Project("{9A19103F-16F7-4668-BE54-9A1E7A4F7556}") = "R5T.T0184", "..\..\R5T.T0184\source\R5T.T0184\R5T.T0184.csproj", "{4D12AFF5-CC74-4AA1-8B23-0A656292C9DB}"
EndProject
Project("{9A19103F-16F7-4668-BE54-9A1E7A4F7556}") = "R5T.T0185", "..\..\R5T.T0185\source\R5T.T0185\R5T.T0185.csproj", "{DC29F49B-5FB2-4947-BCAC-7F2726C66CEC}"
EndProject
Project("{9A19103F-16F7-4668-BE54-9A1E7A4F7556}") = "R5T.T0186", "..\..\R5T.T0186\source\R5T.T0186\R5T.T0186.csproj", "{A1F6524D-B594-45C5-8E51-C94206D981FB}"
EndProject
Project("{9A19103F-16F7-4668-BE54-9A1E7A4F7556}") = "R5T.T0187", "..\..\R5T.T0187\source\R5T.T0187\R5T.T0187.csproj", "{6D6D0B0D-224E-4D2C-BA5C-D12D03481163}"
EndProject
Project("{9A19103F-16F7-4668-BE54-9A1E7A4F7556}") = "R5T.T0197", "..\..\R5T.T0197\source\R5T.T0197\R5T.T0197.csproj", "{8FB1690A-9C99-4481-B542-C12258DEB546}"
EndProject
Project("{9A19103F-16F7-4668-BE54-9A1E7A4F7556}") = "R5T.T0203", "..\..\R5T.T0203\source\R5T.T0203\R5T.T0203.csproj", "{F500E9E5-9B63-4F49-9B27-932CCEF21F32}"
EndProject
Project("{9A19103F-16F7-4668-BE54-9A1E7A4F7556}") = "R5T.Y0000", "..\..\R5T.Y0000\source\R5T.Y0000\R5T.Y0000.csproj", "{5678137A-259E-4AFD-BC83-57E2C6D7690D}"
EndProject
Project("{9A19103F-16F7-4668-BE54-9A1E7A4F7556}") = "R5T.Z0000", "..\..\R5T.Z0000\source\R5T.Z0000\R5T.Z0000.csproj", "{C4D1B006-2FDF-4CC7-95D9-333B3495CC8A}"
EndProject
Project("{9A19103F-16F7-4668-BE54-9A1E7A4F7556}") = "R5T.Z0047", "..\..\R5T.Z0047\source\R5T.Z0047\R5T.Z0047.csproj", "{4FD391BA-AB9D-4E2B-9F2E-0A9BF924B469}"
EndProject
Project("{9A19103F-16F7-4668-BE54-9A1E7A4F7556}") = "R5T.T0204", "..\..\R5T.T0204\source\R5T.T0204\R5T.T0204.csproj", "{BBB7B52B-D4BE-4F6A-8E53-FC1A84FFD83C}"
EndProject
Project("{9A19103F-16F7-4668-BE54-9A1E7A4F7556}") = "R5T.T0207", "..\..\R5T.T0207\source\R5T.T0207\R5T.T0207.csproj", "{F132C201-CEE8-4AE2-8F00-B2605269F09F}"
EndProject
Global
	GlobalSection(NestedProjects) = preSolution
		{3862CE74-E357-4D3B-9FDD-1FEA36056AD6} = {C289DCEC-7673-435F-9921-BDEA2349BCD0}
		{7720EDC3-60DD-445F-A8F9-5F7F6E3E983A} = {C289DCEC-7673-435F-9921-BDEA2349BCD0}
		{D126675E-E344-4424-952C-8855DA226138} = {C289DCEC-7673-435F-9921-BDEA2349BCD0}
		{88999F63-4BF0-4B96-8DAC-1CE9E6E0B7C1} = {C289DCEC-7673-435F-9921-BDEA2349BCD0}
		{1EBD98A3-98A2-4359-A23A-69F5D43DEE38} = {C289DCEC-7673-435F-9921-BDEA2349BCD0}
		{512C6168-1F6B-4941-909A-01B0894A7D64} = {C289DCEC-7673-435F-9921-BDEA2349BCD0}
		{1C40230C-1C48-44C8-887D-E3D1A43BF438} = {C289DCEC-7673-435F-9921-BDEA2349BCD0}
		{48716247-422F-4C5D-90F5-0B48D27CAC68} = {C289DCEC-7673-435F-9921-BDEA2349BCD0}
		{5B123205-0F7D-470C-9C87-94F86EBD83F4} = {C289DCEC-7673-435F-9921-BDEA2349BCD0}
		{CDE68898-25FC-4CBF-B008-E9A84818944F} = {C289DCEC-7673-435F-9921-BDEA2349BCD0}
		{1F79F801-A885-4AA2-B3C0-ACA21FEA3993} = {C289DCEC-7673-435F-9921-BDEA2349BCD0}
		{E63A8578-6479-4B88-9A00-AD8FC38485A3} = {C289DCEC-7673-435F-9921-BDEA2349BCD0}
		{42DF3D74-5147-484C-999B-AED2F083900A} = {C289DCEC-7673-435F-9921-BDEA2349BCD0}
		{095130D0-819A-430E-9572-B5210168C5AF} = {C289DCEC-7673-435F-9921-BDEA2349BCD0}
		{01408592-45D7-47DD-81A5-7C2F1977D575} = {C289DCEC-7673-435F-9921-BDEA2349BCD0}
		{97C8ABFB-E37A-4AD7-A4F3-26238F877D4A} = {C289DCEC-7673-435F-9921-BDEA2349BCD0}
		{DBFEA817-7D91-4420-BC77-62ADF6BA1960} = {C289DCEC-7673-435F-9921-BDEA2349BCD0}
		{F7F2C9EC-EC27-4430-B510-A7D503C2F72F} = {C289DCEC-7673-435F-9921-BDEA2349BCD0}
		{DA99F9B5-8AC8-4DAB-BE40-65F4657E7CE5} = {C289DCEC-7673-435F-9921-BDEA2349BCD0}
		{08D078AE-537C-486D-9E27-5E1FA2766850} = {C289DCEC-7673-435F-9921-BDEA2349BCD0}
		{E6EA10C6-41F7-4975-B9CC-9618B2E90189} = {C289DCEC-7673-435F-9921-BDEA2349BCD0}
		{5BA42CA5-CF66-42CD-9947-A4713AFD6A8C} = {C289DCEC-7673-435F-9921-BDEA2349BCD0}
		{D937B472-9D36-4DB4-8256-59B0D5196435} = {C289DCEC-7673-435F-9921-BDEA2349BCD0}
		{B6CB77AC-35FF-4EA7-A1EB-F29E4ACEBC52} = {C289DCEC-7673-435F-9921-BDEA2349BCD0}
		{74DD0CA9-147E-4998-840B-3DDD3A2BEFD6} = {C289DCEC-7673-435F-9921-BDEA2349BCD0}
		{136FD000-85F2-4AC6-9821-A9FD59905AEA} = {C289DCEC-7673-435F-9921-BDEA2349BCD0}
		{A476DE7B-2DF1-407B-8FA0-90661A5FAC12} = {C289DCEC-7673-435F-9921-BDEA2349BCD0}
		{7344CD8D-51BB-4118-B266-7914E0A2E92F} = {C289DCEC-7673-435F-9921-BDEA2349BCD0}
		{C63859DB-C0C8-427C-A93E-E9681AD82E6A} = {C289DCEC-7673-435F-9921-BDEA2349BCD0}
		{E5ACC762-84F3-461C-BB3F-B29A4219D52E} = {C289DCEC-7673-435F-9921-BDEA2349BCD0}
		{9E252FC9-9846-4F61-8CB1-B8817F2BC661} = {C289DCEC-7673-435F-9921-BDEA2349BCD0}
		{80F38C1E-3A22-43CD-A942-563875429F08} = {C289DCEC-7673-435F-9921-BDEA2349BCD0}
		{D4C4603E-51D9-4423-AFC9-DB574A5D4675} = {C289DCEC-7673-435F-9921-BDEA2349BCD0}
		{F6B7C3FF-13FD-4013-AB27-43CCAA2322E3} = {C289DCEC-7673-435F-9921-BDEA2349BCD0}
		{C927BA61-6CF1-4C2F-86D2-F117798C86A2} = {C289DCEC-7673-435F-9921-BDEA2349BCD0}
		{E7F8A2CC-971F-4574-A764-F26CA98F6C54} = {C289DCEC-7673-435F-9921-BDEA2349BCD0}
		{178D7068-27CA-4D68-8FD7-75A8CCDBA4FD} = {C289DCEC-7673-435F-9921-BDEA2349BCD0}
		{01B64501-2373-404D-8B15-C37ECEC4656B} = {C289DCEC-7673-435F-9921-BDEA2349BCD0}
		{7651662B-DEEF-4047-A8B1-DD556AA5CF06} = {C289DCEC-7673-435F-9921-BDEA2349BCD0}
		{2E874CF2-1DC5-4A9D-AED7-9E53AF2B16D9} = {C289DCEC-7673-435F-9921-BDEA2349BCD0}
		{C7EC919F-7C69-4028-8264-22FB58753599} = {C289DCEC-7673-435F-9921-BDEA2349BCD0}
		{4FED7BCE-72B8-4A0D-A716-378E143FA936} = {C289DCEC-7673-435F-9921-BDEA2349BCD0}
		{1A722A14-A294-45B8-8DF5-8C9F857471D5} = {C289DCEC-7673-435F-9921-BDEA2349BCD0}
		{4D12AFF5-CC74-4AA1-8B23-0A656292C9DB} = {C289DCEC-7673-435F-9921-BDEA2349BCD0}
		{DC29F49B-5FB2-4947-BCAC-7F2726C66CEC} = {C289DCEC-7673-435F-9921-BDEA2349BCD0}
		{A1F6524D-B594-45C5-8E51-C94206D981FB} = {C289DCEC-7673-435F-9921-BDEA2349BCD0}
		{6D6D0B0D-224E-4D2C-BA5C-D12D03481163} = {C289DCEC-7673-435F-9921-BDEA2349BCD0}
		{8FB1690A-9C99-4481-B542-C12258DEB546} = {C289DCEC-7673-435F-9921-BDEA2349BCD0}
		{F500E9E5-9B63-4F49-9B27-932CCEF21F32} = {C289DCEC-7673-435F-9921-BDEA2349BCD0}
		{5678137A-259E-4AFD-BC83-57E2C6D7690D} = {C289DCEC-7673-435F-9921-BDEA2349BCD0}
		{C4D1B006-2FDF-4CC7-95D9-333B3495CC8A} = {C289DCEC-7673-435F-9921-BDEA2349BCD0}
		{4FD391BA-AB9D-4E2B-9F2E-0A9BF924B469} = {C289DCEC-7673-435F-9921-BDEA2349BCD0}
		{BBB7B52B-D4BE-4F6A-8E53-FC1A84FFD83C} = {C289DCEC-7673-435F-9921-BDEA2349BCD0}
		{F132C201-CEE8-4AE2-8F00-B2605269F09F} = {C289DCEC-7673-435F-9921-BDEA2349BCD0}
	EndGlobalSection
	GlobalSection(SolutionConfigurationPlatforms) = preSolution
		Debug|Any CPU = Debug|Any CPU
		Release|Any CPU = Release|Any CPU
	EndGlobalSection
	GlobalSection(ProjectConfigurationPlatforms) = postSolution
		{6F00F4AF-63B9-4027-A5E9-2DC8119771DF}.Debug|Any CPU.ActiveCfg = Debug|Any CPU
		{6F00F4AF-63B9-4027-A5E9-2DC8119771DF}.Debug|Any CPU.Build.0 = Debug|Any CPU
		{6F00F4AF-63B9-4027-A5E9-2DC8119771DF}.Release|Any CPU.ActiveCfg = Release|Any CPU
		{6F00F4AF-63B9-4027-A5E9-2DC8119771DF}.Release|Any CPU.Build.0 = Release|Any CPU
		{3862CE74-E357-4D3B-9FDD-1FEA36056AD6}.Debug|Any CPU.ActiveCfg = Debug|Any CPU
		{3862CE74-E357-4D3B-9FDD-1FEA36056AD6}.Debug|Any CPU.Build.0 = Debug|Any CPU
		{3862CE74-E357-4D3B-9FDD-1FEA36056AD6}.Release|Any CPU.ActiveCfg = Release|Any CPU
		{3862CE74-E357-4D3B-9FDD-1FEA36056AD6}.Release|Any CPU.Build.0 = Release|Any CPU
		{7720EDC3-60DD-445F-A8F9-5F7F6E3E983A}.Debug|Any CPU.ActiveCfg = Debug|Any CPU
		{7720EDC3-60DD-445F-A8F9-5F7F6E3E983A}.Debug|Any CPU.Build.0 = Debug|Any CPU
		{7720EDC3-60DD-445F-A8F9-5F7F6E3E983A}.Release|Any CPU.ActiveCfg = Release|Any CPU
		{7720EDC3-60DD-445F-A8F9-5F7F6E3E983A}.Release|Any CPU.Build.0 = Release|Any CPU
		{D126675E-E344-4424-952C-8855DA226138}.Debug|Any CPU.ActiveCfg = Debug|Any CPU
		{D126675E-E344-4424-952C-8855DA226138}.Debug|Any CPU.Build.0 = Debug|Any CPU
		{D126675E-E344-4424-952C-8855DA226138}.Release|Any CPU.ActiveCfg = Release|Any CPU
		{D126675E-E344-4424-952C-8855DA226138}.Release|Any CPU.Build.0 = Release|Any CPU
		{88999F63-4BF0-4B96-8DAC-1CE9E6E0B7C1}.Debug|Any CPU.ActiveCfg = Debug|Any CPU
		{88999F63-4BF0-4B96-8DAC-1CE9E6E0B7C1}.Debug|Any CPU.Build.0 = Debug|Any CPU
		{88999F63-4BF0-4B96-8DAC-1CE9E6E0B7C1}.Release|Any CPU.ActiveCfg = Release|Any CPU
		{88999F63-4BF0-4B96-8DAC-1CE9E6E0B7C1}.Release|Any CPU.Build.0 = Release|Any CPU
		{1EBD98A3-98A2-4359-A23A-69F5D43DEE38}.Debug|Any CPU.ActiveCfg = Debug|Any CPU
		{1EBD98A3-98A2-4359-A23A-69F5D43DEE38}.Debug|Any CPU.Build.0 = Debug|Any CPU
		{1EBD98A3-98A2-4359-A23A-69F5D43DEE38}.Release|Any CPU.ActiveCfg = Release|Any CPU
		{1EBD98A3-98A2-4359-A23A-69F5D43DEE38}.Release|Any CPU.Build.0 = Release|Any CPU
		{512C6168-1F6B-4941-909A-01B0894A7D64}.Debug|Any CPU.ActiveCfg = Debug|Any CPU
		{512C6168-1F6B-4941-909A-01B0894A7D64}.Debug|Any CPU.Build.0 = Debug|Any CPU
		{512C6168-1F6B-4941-909A-01B0894A7D64}.Release|Any CPU.ActiveCfg = Release|Any CPU
		{512C6168-1F6B-4941-909A-01B0894A7D64}.Release|Any CPU.Build.0 = Release|Any CPU
		{1C40230C-1C48-44C8-887D-E3D1A43BF438}.Debug|Any CPU.ActiveCfg = Debug|Any CPU
		{1C40230C-1C48-44C8-887D-E3D1A43BF438}.Debug|Any CPU.Build.0 = Debug|Any CPU
		{1C40230C-1C48-44C8-887D-E3D1A43BF438}.Release|Any CPU.ActiveCfg = Release|Any CPU
		{1C40230C-1C48-44C8-887D-E3D1A43BF438}.Release|Any CPU.Build.0 = Release|Any CPU
		{48716247-422F-4C5D-90F5-0B48D27CAC68}.Debug|Any CPU.ActiveCfg = Debug|Any CPU
		{48716247-422F-4C5D-90F5-0B48D27CAC68}.Debug|Any CPU.Build.0 = Debug|Any CPU
		{48716247-422F-4C5D-90F5-0B48D27CAC68}.Release|Any CPU.ActiveCfg = Release|Any CPU
		{48716247-422F-4C5D-90F5-0B48D27CAC68}.Release|Any CPU.Build.0 = Release|Any CPU
		{5B123205-0F7D-470C-9C87-94F86EBD83F4}.Debug|Any CPU.ActiveCfg = Debug|Any CPU
		{5B123205-0F7D-470C-9C87-94F86EBD83F4}.Debug|Any CPU.Build.0 = Debug|Any CPU
		{5B123205-0F7D-470C-9C87-94F86EBD83F4}.Release|Any CPU.ActiveCfg = Release|Any CPU
		{5B123205-0F7D-470C-9C87-94F86EBD83F4}.Release|Any CPU.Build.0 = Release|Any CPU
		{CDE68898-25FC-4CBF-B008-E9A84818944F}.Debug|Any CPU.ActiveCfg = Debug|Any CPU
		{CDE68898-25FC-4CBF-B008-E9A84818944F}.Debug|Any CPU.Build.0 = Debug|Any CPU
		{CDE68898-25FC-4CBF-B008-E9A84818944F}.Release|Any CPU.ActiveCfg = Release|Any CPU
		{CDE68898-25FC-4CBF-B008-E9A84818944F}.Release|Any CPU.Build.0 = Release|Any CPU
		{1F79F801-A885-4AA2-B3C0-ACA21FEA3993}.Debug|Any CPU.ActiveCfg = Debug|Any CPU
		{1F79F801-A885-4AA2-B3C0-ACA21FEA3993}.Debug|Any CPU.Build.0 = Debug|Any CPU
		{1F79F801-A885-4AA2-B3C0-ACA21FEA3993}.Release|Any CPU.ActiveCfg = Release|Any CPU
		{1F79F801-A885-4AA2-B3C0-ACA21FEA3993}.Release|Any CPU.Build.0 = Release|Any CPU
		{E63A8578-6479-4B88-9A00-AD8FC38485A3}.Debug|Any CPU.ActiveCfg = Debug|Any CPU
		{E63A8578-6479-4B88-9A00-AD8FC38485A3}.Debug|Any CPU.Build.0 = Debug|Any CPU
		{E63A8578-6479-4B88-9A00-AD8FC38485A3}.Release|Any CPU.ActiveCfg = Release|Any CPU
		{E63A8578-6479-4B88-9A00-AD8FC38485A3}.Release|Any CPU.Build.0 = Release|Any CPU
		{42DF3D74-5147-484C-999B-AED2F083900A}.Debug|Any CPU.ActiveCfg = Debug|Any CPU
		{42DF3D74-5147-484C-999B-AED2F083900A}.Debug|Any CPU.Build.0 = Debug|Any CPU
		{42DF3D74-5147-484C-999B-AED2F083900A}.Release|Any CPU.ActiveCfg = Release|Any CPU
		{42DF3D74-5147-484C-999B-AED2F083900A}.Release|Any CPU.Build.0 = Release|Any CPU
		{095130D0-819A-430E-9572-B5210168C5AF}.Debug|Any CPU.ActiveCfg = Debug|Any CPU
		{095130D0-819A-430E-9572-B5210168C5AF}.Debug|Any CPU.Build.0 = Debug|Any CPU
		{095130D0-819A-430E-9572-B5210168C5AF}.Release|Any CPU.ActiveCfg = Release|Any CPU
		{095130D0-819A-430E-9572-B5210168C5AF}.Release|Any CPU.Build.0 = Release|Any CPU
		{01408592-45D7-47DD-81A5-7C2F1977D575}.Debug|Any CPU.ActiveCfg = Debug|Any CPU
		{01408592-45D7-47DD-81A5-7C2F1977D575}.Debug|Any CPU.Build.0 = Debug|Any CPU
		{01408592-45D7-47DD-81A5-7C2F1977D575}.Release|Any CPU.ActiveCfg = Release|Any CPU
		{01408592-45D7-47DD-81A5-7C2F1977D575}.Release|Any CPU.Build.0 = Release|Any CPU
		{97C8ABFB-E37A-4AD7-A4F3-26238F877D4A}.Debug|Any CPU.ActiveCfg = Debug|Any CPU
		{97C8ABFB-E37A-4AD7-A4F3-26238F877D4A}.Debug|Any CPU.Build.0 = Debug|Any CPU
		{97C8ABFB-E37A-4AD7-A4F3-26238F877D4A}.Release|Any CPU.ActiveCfg = Release|Any CPU
		{97C8ABFB-E37A-4AD7-A4F3-26238F877D4A}.Release|Any CPU.Build.0 = Release|Any CPU
		{DBFEA817-7D91-4420-BC77-62ADF6BA1960}.Debug|Any CPU.ActiveCfg = Debug|Any CPU
		{DBFEA817-7D91-4420-BC77-62ADF6BA1960}.Debug|Any CPU.Build.0 = Debug|Any CPU
		{DBFEA817-7D91-4420-BC77-62ADF6BA1960}.Release|Any CPU.ActiveCfg = Release|Any CPU
		{DBFEA817-7D91-4420-BC77-62ADF6BA1960}.Release|Any CPU.Build.0 = Release|Any CPU
		{F7F2C9EC-EC27-4430-B510-A7D503C2F72F}.Debug|Any CPU.ActiveCfg = Debug|Any CPU
		{F7F2C9EC-EC27-4430-B510-A7D503C2F72F}.Debug|Any CPU.Build.0 = Debug|Any CPU
		{F7F2C9EC-EC27-4430-B510-A7D503C2F72F}.Release|Any CPU.ActiveCfg = Release|Any CPU
		{F7F2C9EC-EC27-4430-B510-A7D503C2F72F}.Release|Any CPU.Build.0 = Release|Any CPU
		{DA99F9B5-8AC8-4DAB-BE40-65F4657E7CE5}.Debug|Any CPU.ActiveCfg = Debug|Any CPU
		{DA99F9B5-8AC8-4DAB-BE40-65F4657E7CE5}.Debug|Any CPU.Build.0 = Debug|Any CPU
		{DA99F9B5-8AC8-4DAB-BE40-65F4657E7CE5}.Release|Any CPU.ActiveCfg = Release|Any CPU
		{DA99F9B5-8AC8-4DAB-BE40-65F4657E7CE5}.Release|Any CPU.Build.0 = Release|Any CPU
		{08D078AE-537C-486D-9E27-5E1FA2766850}.Debug|Any CPU.ActiveCfg = Debug|Any CPU
		{08D078AE-537C-486D-9E27-5E1FA2766850}.Debug|Any CPU.Build.0 = Debug|Any CPU
		{08D078AE-537C-486D-9E27-5E1FA2766850}.Release|Any CPU.ActiveCfg = Release|Any CPU
		{08D078AE-537C-486D-9E27-5E1FA2766850}.Release|Any CPU.Build.0 = Release|Any CPU
		{E6EA10C6-41F7-4975-B9CC-9618B2E90189}.Debug|Any CPU.ActiveCfg = Debug|Any CPU
		{E6EA10C6-41F7-4975-B9CC-9618B2E90189}.Debug|Any CPU.Build.0 = Debug|Any CPU
		{E6EA10C6-41F7-4975-B9CC-9618B2E90189}.Release|Any CPU.ActiveCfg = Release|Any CPU
		{E6EA10C6-41F7-4975-B9CC-9618B2E90189}.Release|Any CPU.Build.0 = Release|Any CPU
		{5BA42CA5-CF66-42CD-9947-A4713AFD6A8C}.Debug|Any CPU.ActiveCfg = Debug|Any CPU
		{5BA42CA5-CF66-42CD-9947-A4713AFD6A8C}.Debug|Any CPU.Build.0 = Debug|Any CPU
		{5BA42CA5-CF66-42CD-9947-A4713AFD6A8C}.Release|Any CPU.ActiveCfg = Release|Any CPU
		{5BA42CA5-CF66-42CD-9947-A4713AFD6A8C}.Release|Any CPU.Build.0 = Release|Any CPU
		{D937B472-9D36-4DB4-8256-59B0D5196435}.Debug|Any CPU.ActiveCfg = Debug|Any CPU
		{D937B472-9D36-4DB4-8256-59B0D5196435}.Debug|Any CPU.Build.0 = Debug|Any CPU
		{D937B472-9D36-4DB4-8256-59B0D5196435}.Release|Any CPU.ActiveCfg = Release|Any CPU
		{D937B472-9D36-4DB4-8256-59B0D5196435}.Release|Any CPU.Build.0 = Release|Any CPU
		{B6CB77AC-35FF-4EA7-A1EB-F29E4ACEBC52}.Debug|Any CPU.ActiveCfg = Debug|Any CPU
		{B6CB77AC-35FF-4EA7-A1EB-F29E4ACEBC52}.Debug|Any CPU.Build.0 = Debug|Any CPU
		{B6CB77AC-35FF-4EA7-A1EB-F29E4ACEBC52}.Release|Any CPU.ActiveCfg = Release|Any CPU
		{B6CB77AC-35FF-4EA7-A1EB-F29E4ACEBC52}.Release|Any CPU.Build.0 = Release|Any CPU
		{74DD0CA9-147E-4998-840B-3DDD3A2BEFD6}.Debug|Any CPU.ActiveCfg = Debug|Any CPU
		{74DD0CA9-147E-4998-840B-3DDD3A2BEFD6}.Debug|Any CPU.Build.0 = Debug|Any CPU
		{74DD0CA9-147E-4998-840B-3DDD3A2BEFD6}.Release|Any CPU.ActiveCfg = Release|Any CPU
		{74DD0CA9-147E-4998-840B-3DDD3A2BEFD6}.Release|Any CPU.Build.0 = Release|Any CPU
		{136FD000-85F2-4AC6-9821-A9FD59905AEA}.Debug|Any CPU.ActiveCfg = Debug|Any CPU
		{136FD000-85F2-4AC6-9821-A9FD59905AEA}.Debug|Any CPU.Build.0 = Debug|Any CPU
		{136FD000-85F2-4AC6-9821-A9FD59905AEA}.Release|Any CPU.ActiveCfg = Release|Any CPU
		{136FD000-85F2-4AC6-9821-A9FD59905AEA}.Release|Any CPU.Build.0 = Release|Any CPU
		{A476DE7B-2DF1-407B-8FA0-90661A5FAC12}.Debug|Any CPU.ActiveCfg = Debug|Any CPU
		{A476DE7B-2DF1-407B-8FA0-90661A5FAC12}.Debug|Any CPU.Build.0 = Debug|Any CPU
		{A476DE7B-2DF1-407B-8FA0-90661A5FAC12}.Release|Any CPU.ActiveCfg = Release|Any CPU
		{A476DE7B-2DF1-407B-8FA0-90661A5FAC12}.Release|Any CPU.Build.0 = Release|Any CPU
		{7344CD8D-51BB-4118-B266-7914E0A2E92F}.Debug|Any CPU.ActiveCfg = Debug|Any CPU
		{7344CD8D-51BB-4118-B266-7914E0A2E92F}.Debug|Any CPU.Build.0 = Debug|Any CPU
		{7344CD8D-51BB-4118-B266-7914E0A2E92F}.Release|Any CPU.ActiveCfg = Release|Any CPU
		{7344CD8D-51BB-4118-B266-7914E0A2E92F}.Release|Any CPU.Build.0 = Release|Any CPU
		{C63859DB-C0C8-427C-A93E-E9681AD82E6A}.Debug|Any CPU.ActiveCfg = Debug|Any CPU
		{C63859DB-C0C8-427C-A93E-E9681AD82E6A}.Debug|Any CPU.Build.0 = Debug|Any CPU
		{C63859DB-C0C8-427C-A93E-E9681AD82E6A}.Release|Any CPU.ActiveCfg = Release|Any CPU
		{C63859DB-C0C8-427C-A93E-E9681AD82E6A}.Release|Any CPU.Build.0 = Release|Any CPU
		{E5ACC762-84F3-461C-BB3F-B29A4219D52E}.Debug|Any CPU.ActiveCfg = Debug|Any CPU
		{E5ACC762-84F3-461C-BB3F-B29A4219D52E}.Debug|Any CPU.Build.0 = Debug|Any CPU
		{E5ACC762-84F3-461C-BB3F-B29A4219D52E}.Release|Any CPU.ActiveCfg = Release|Any CPU
		{E5ACC762-84F3-461C-BB3F-B29A4219D52E}.Release|Any CPU.Build.0 = Release|Any CPU
		{9E252FC9-9846-4F61-8CB1-B8817F2BC661}.Debug|Any CPU.ActiveCfg = Debug|Any CPU
		{9E252FC9-9846-4F61-8CB1-B8817F2BC661}.Debug|Any CPU.Build.0 = Debug|Any CPU
		{9E252FC9-9846-4F61-8CB1-B8817F2BC661}.Release|Any CPU.ActiveCfg = Release|Any CPU
		{9E252FC9-9846-4F61-8CB1-B8817F2BC661}.Release|Any CPU.Build.0 = Release|Any CPU
		{80F38C1E-3A22-43CD-A942-563875429F08}.Debug|Any CPU.ActiveCfg = Debug|Any CPU
		{80F38C1E-3A22-43CD-A942-563875429F08}.Debug|Any CPU.Build.0 = Debug|Any CPU
		{80F38C1E-3A22-43CD-A942-563875429F08}.Release|Any CPU.ActiveCfg = Release|Any CPU
		{80F38C1E-3A22-43CD-A942-563875429F08}.Release|Any CPU.Build.0 = Release|Any CPU
		{D4C4603E-51D9-4423-AFC9-DB574A5D4675}.Debug|Any CPU.ActiveCfg = Debug|Any CPU
		{D4C4603E-51D9-4423-AFC9-DB574A5D4675}.Debug|Any CPU.Build.0 = Debug|Any CPU
		{D4C4603E-51D9-4423-AFC9-DB574A5D4675}.Release|Any CPU.ActiveCfg = Release|Any CPU
		{D4C4603E-51D9-4423-AFC9-DB574A5D4675}.Release|Any CPU.Build.0 = Release|Any CPU
		{F6B7C3FF-13FD-4013-AB27-43CCAA2322E3}.Debug|Any CPU.ActiveCfg = Debug|Any CPU
		{F6B7C3FF-13FD-4013-AB27-43CCAA2322E3}.Debug|Any CPU.Build.0 = Debug|Any CPU
		{F6B7C3FF-13FD-4013-AB27-43CCAA2322E3}.Release|Any CPU.ActiveCfg = Release|Any CPU
		{F6B7C3FF-13FD-4013-AB27-43CCAA2322E3}.Release|Any CPU.Build.0 = Release|Any CPU
		{C927BA61-6CF1-4C2F-86D2-F117798C86A2}.Debug|Any CPU.ActiveCfg = Debug|Any CPU
		{C927BA61-6CF1-4C2F-86D2-F117798C86A2}.Debug|Any CPU.Build.0 = Debug|Any CPU
		{C927BA61-6CF1-4C2F-86D2-F117798C86A2}.Release|Any CPU.ActiveCfg = Release|Any CPU
		{C927BA61-6CF1-4C2F-86D2-F117798C86A2}.Release|Any CPU.Build.0 = Release|Any CPU
		{E7F8A2CC-971F-4574-A764-F26CA98F6C54}.Debug|Any CPU.ActiveCfg = Debug|Any CPU
		{E7F8A2CC-971F-4574-A764-F26CA98F6C54}.Debug|Any CPU.Build.0 = Debug|Any CPU
		{E7F8A2CC-971F-4574-A764-F26CA98F6C54}.Release|Any CPU.ActiveCfg = Release|Any CPU
		{E7F8A2CC-971F-4574-A764-F26CA98F6C54}.Release|Any CPU.Build.0 = Release|Any CPU
		{178D7068-27CA-4D68-8FD7-75A8CCDBA4FD}.Debug|Any CPU.ActiveCfg = Debug|Any CPU
		{178D7068-27CA-4D68-8FD7-75A8CCDBA4FD}.Debug|Any CPU.Build.0 = Debug|Any CPU
		{178D7068-27CA-4D68-8FD7-75A8CCDBA4FD}.Release|Any CPU.ActiveCfg = Release|Any CPU
		{178D7068-27CA-4D68-8FD7-75A8CCDBA4FD}.Release|Any CPU.Build.0 = Release|Any CPU
		{01B64501-2373-404D-8B15-C37ECEC4656B}.Debug|Any CPU.ActiveCfg = Debug|Any CPU
		{01B64501-2373-404D-8B15-C37ECEC4656B}.Debug|Any CPU.Build.0 = Debug|Any CPU
		{01B64501-2373-404D-8B15-C37ECEC4656B}.Release|Any CPU.ActiveCfg = Release|Any CPU
		{01B64501-2373-404D-8B15-C37ECEC4656B}.Release|Any CPU.Build.0 = Release|Any CPU
		{7651662B-DEEF-4047-A8B1-DD556AA5CF06}.Debug|Any CPU.ActiveCfg = Debug|Any CPU
		{7651662B-DEEF-4047-A8B1-DD556AA5CF06}.Debug|Any CPU.Build.0 = Debug|Any CPU
		{7651662B-DEEF-4047-A8B1-DD556AA5CF06}.Release|Any CPU.ActiveCfg = Release|Any CPU
		{7651662B-DEEF-4047-A8B1-DD556AA5CF06}.Release|Any CPU.Build.0 = Release|Any CPU
		{2E874CF2-1DC5-4A9D-AED7-9E53AF2B16D9}.Debug|Any CPU.ActiveCfg = Debug|Any CPU
		{2E874CF2-1DC5-4A9D-AED7-9E53AF2B16D9}.Debug|Any CPU.Build.0 = Debug|Any CPU
		{2E874CF2-1DC5-4A9D-AED7-9E53AF2B16D9}.Release|Any CPU.ActiveCfg = Release|Any CPU
		{2E874CF2-1DC5-4A9D-AED7-9E53AF2B16D9}.Release|Any CPU.Build.0 = Release|Any CPU
		{C7EC919F-7C69-4028-8264-22FB58753599}.Debug|Any CPU.ActiveCfg = Debug|Any CPU
		{C7EC919F-7C69-4028-8264-22FB58753599}.Debug|Any CPU.Build.0 = Debug|Any CPU
		{C7EC919F-7C69-4028-8264-22FB58753599}.Release|Any CPU.ActiveCfg = Release|Any CPU
		{C7EC919F-7C69-4028-8264-22FB58753599}.Release|Any CPU.Build.0 = Release|Any CPU
		{4FED7BCE-72B8-4A0D-A716-378E143FA936}.Debug|Any CPU.ActiveCfg = Debug|Any CPU
		{4FED7BCE-72B8-4A0D-A716-378E143FA936}.Debug|Any CPU.Build.0 = Debug|Any CPU
		{4FED7BCE-72B8-4A0D-A716-378E143FA936}.Release|Any CPU.ActiveCfg = Release|Any CPU
		{4FED7BCE-72B8-4A0D-A716-378E143FA936}.Release|Any CPU.Build.0 = Release|Any CPU
		{1A722A14-A294-45B8-8DF5-8C9F857471D5}.Debug|Any CPU.ActiveCfg = Debug|Any CPU
		{1A722A14-A294-45B8-8DF5-8C9F857471D5}.Debug|Any CPU.Build.0 = Debug|Any CPU
		{1A722A14-A294-45B8-8DF5-8C9F857471D5}.Release|Any CPU.ActiveCfg = Release|Any CPU
		{1A722A14-A294-45B8-8DF5-8C9F857471D5}.Release|Any CPU.Build.0 = Release|Any CPU
		{4D12AFF5-CC74-4AA1-8B23-0A656292C9DB}.Debug|Any CPU.ActiveCfg = Debug|Any CPU
		{4D12AFF5-CC74-4AA1-8B23-0A656292C9DB}.Debug|Any CPU.Build.0 = Debug|Any CPU
		{4D12AFF5-CC74-4AA1-8B23-0A656292C9DB}.Release|Any CPU.ActiveCfg = Release|Any CPU
		{4D12AFF5-CC74-4AA1-8B23-0A656292C9DB}.Release|Any CPU.Build.0 = Release|Any CPU
		{DC29F49B-5FB2-4947-BCAC-7F2726C66CEC}.Debug|Any CPU.ActiveCfg = Debug|Any CPU
		{DC29F49B-5FB2-4947-BCAC-7F2726C66CEC}.Debug|Any CPU.Build.0 = Debug|Any CPU
		{DC29F49B-5FB2-4947-BCAC-7F2726C66CEC}.Release|Any CPU.ActiveCfg = Release|Any CPU
		{DC29F49B-5FB2-4947-BCAC-7F2726C66CEC}.Release|Any CPU.Build.0 = Release|Any CPU
		{A1F6524D-B594-45C5-8E51-C94206D981FB}.Debug|Any CPU.ActiveCfg = Debug|Any CPU
		{A1F6524D-B594-45C5-8E51-C94206D981FB}.Debug|Any CPU.Build.0 = Debug|Any CPU
		{A1F6524D-B594-45C5-8E51-C94206D981FB}.Release|Any CPU.ActiveCfg = Release|Any CPU
		{A1F6524D-B594-45C5-8E51-C94206D981FB}.Release|Any CPU.Build.0 = Release|Any CPU
		{6D6D0B0D-224E-4D2C-BA5C-D12D03481163}.Debug|Any CPU.ActiveCfg = Debug|Any CPU
		{6D6D0B0D-224E-4D2C-BA5C-D12D03481163}.Debug|Any CPU.Build.0 = Debug|Any CPU
		{6D6D0B0D-224E-4D2C-BA5C-D12D03481163}.Release|Any CPU.ActiveCfg = Release|Any CPU
		{6D6D0B0D-224E-4D2C-BA5C-D12D03481163}.Release|Any CPU.Build.0 = Release|Any CPU
		{8FB1690A-9C99-4481-B542-C12258DEB546}.Debug|Any CPU.ActiveCfg = Debug|Any CPU
		{8FB1690A-9C99-4481-B542-C12258DEB546}.Debug|Any CPU.Build.0 = Debug|Any CPU
		{8FB1690A-9C99-4481-B542-C12258DEB546}.Release|Any CPU.ActiveCfg = Release|Any CPU
		{8FB1690A-9C99-4481-B542-C12258DEB546}.Release|Any CPU.Build.0 = Release|Any CPU
		{F500E9E5-9B63-4F49-9B27-932CCEF21F32}.Debug|Any CPU.ActiveCfg = Debug|Any CPU
		{F500E9E5-9B63-4F49-9B27-932CCEF21F32}.Debug|Any CPU.Build.0 = Debug|Any CPU
		{F500E9E5-9B63-4F49-9B27-932CCEF21F32}.Release|Any CPU.ActiveCfg = Release|Any CPU
		{F500E9E5-9B63-4F49-9B27-932CCEF21F32}.Release|Any CPU.Build.0 = Release|Any CPU
		{5678137A-259E-4AFD-BC83-57E2C6D7690D}.Debug|Any CPU.ActiveCfg = Debug|Any CPU
		{5678137A-259E-4AFD-BC83-57E2C6D7690D}.Debug|Any CPU.Build.0 = Debug|Any CPU
		{5678137A-259E-4AFD-BC83-57E2C6D7690D}.Release|Any CPU.ActiveCfg = Release|Any CPU
		{5678137A-259E-4AFD-BC83-57E2C6D7690D}.Release|Any CPU.Build.0 = Release|Any CPU
		{C4D1B006-2FDF-4CC7-95D9-333B3495CC8A}.Debug|Any CPU.ActiveCfg = Debug|Any CPU
		{C4D1B006-2FDF-4CC7-95D9-333B3495CC8A}.Debug|Any CPU.Build.0 = Debug|Any CPU
		{C4D1B006-2FDF-4CC7-95D9-333B3495CC8A}.Release|Any CPU.ActiveCfg = Release|Any CPU
		{C4D1B006-2FDF-4CC7-95D9-333B3495CC8A}.Release|Any CPU.Build.0 = Release|Any CPU
		{4FD391BA-AB9D-4E2B-9F2E-0A9BF924B469}.Debug|Any CPU.ActiveCfg = Debug|Any CPU
		{4FD391BA-AB9D-4E2B-9F2E-0A9BF924B469}.Debug|Any CPU.Build.0 = Debug|Any CPU
		{4FD391BA-AB9D-4E2B-9F2E-0A9BF924B469}.Release|Any CPU.ActiveCfg = Release|Any CPU
		{4FD391BA-AB9D-4E2B-9F2E-0A9BF924B469}.Release|Any CPU.Build.0 = Release|Any CPU
		{BBB7B52B-D4BE-4F6A-8E53-FC1A84FFD83C}.Debug|Any CPU.ActiveCfg = Debug|Any CPU
		{BBB7B52B-D4BE-4F6A-8E53-FC1A84FFD83C}.Debug|Any CPU.Build.0 = Debug|Any CPU
		{BBB7B52B-D4BE-4F6A-8E53-FC1A84FFD83C}.Release|Any CPU.ActiveCfg = Release|Any CPU
		{BBB7B52B-D4BE-4F6A-8E53-FC1A84FFD83C}.Release|Any CPU.Build.0 = Release|Any CPU
		{F132C201-CEE8-4AE2-8F00-B2605269F09F}.Debug|Any CPU.ActiveCfg = Debug|Any CPU
		{F132C201-CEE8-4AE2-8F00-B2605269F09F}.Debug|Any CPU.Build.0 = Debug|Any CPU
		{F132C201-CEE8-4AE2-8F00-B2605269F09F}.Release|Any CPU.ActiveCfg = Release|Any CPU
		{F132C201-CEE8-4AE2-8F00-B2605269F09F}.Release|Any CPU.Build.0 = Release|Any CPU
	EndGlobalSection
	GlobalSection(SolutionProperties) = preSolution
		HideSolutionNode = FALSE
	EndGlobalSection
	GlobalSection(ExtensibilityGlobals) = postSolution
		SolutionGuid = {06A152E0-E17F-4040-B2AC-36AA3DF212DF}
	EndGlobalSection
EndGlobal
