
Microsoft Visual Studio Solution File, Format Version 12.00
# Visual Studio Version 17
VisualStudioVersion = 17.2.32630.192
MinimumVisualStudioVersion = 10.0.40219.1
Project("{9A19103F-16F7-4668-BE54-9A1E7A4F7556}") = "R5T.O0015.Construction", "R5T.O0015.Construction\R5T.O0015.Construction.csproj", "{7422E24A-E563-4114-B02C-AC887B3F7F3B}"
EndProject
Project("{9A19103F-16F7-4668-BE54-9A1E7A4F7556}") = "R5T.O0015", "R5T.O0015\R5T.O0015.csproj", "{B60C4BCA-3B37-4D1E-85ED-F46FE1A4F662}"
EndProject
Global
	GlobalSection(SolutionConfigurationPlatforms) = preSolution
		Debug|Any CPU = Debug|Any CPU
		Release|Any CPU = Release|Any CPU
	EndGlobalSection
	GlobalSection(ProjectConfigurationPlatforms) = postSolution
		{7422E24A-E563-4114-B02C-AC887B3F7F3B}.Debug|Any CPU.ActiveCfg = Debug|Any CPU
		{7422E24A-E563-4114-B02C-AC887B3F7F3B}.Debug|Any CPU.Build.0 = Debug|Any CPU
		{7422E24A-E563-4114-B02C-AC887B3F7F3B}.Release|Any CPU.ActiveCfg = Release|Any CPU
		{7422E24A-E563-4114-B02C-AC887B3F7F3B}.Release|Any CPU.Build.0 = Release|Any CPU
		{B60C4BCA-3B37-4D1E-85ED-F46FE1A4F662}.Debug|Any CPU.ActiveCfg = Debug|Any CPU
		{B60C4BCA-3B37-4D1E-85ED-F46FE1A4F662}.Debug|Any CPU.Build.0 = Debug|Any CPU
		{B60C4BCA-3B37-4D1E-85ED-F46FE1A4F662}.Release|Any CPU.ActiveCfg = Release|Any CPU
		{B60C4BCA-3B37-4D1E-85ED-F46FE1A4F662}.Release|Any CPU.Build.0 = Release|Any CPU
	EndGlobalSection
	GlobalSection(SolutionProperties) = preSolution
		HideSolutionNode = FALSE
	EndGlobalSection
	GlobalSection(ExtensibilityGlobals) = postSolution
		SolutionGuid = {C6BC7150-AF28-4AF8-9D2B-86A1C029173E}
	EndGlobalSection
EndGlobal
